// !$*UTF8*$!
{
	archiveVersion = 1;
	classes = {
	};
	objectVersion = 46;
	objects = {

/* Begin PBXBuildFile section */
		2ECB45EE1FADB208007DB421 /* AppDelegate.swift in Sources */ = {isa = PBXBuildFile; fileRef = 2ECB45ED1FADB208007DB421 /* AppDelegate.swift */; };
		2ECB45F01FADB208007DB421 /* ViewController.swift in Sources */ = {isa = PBXBuildFile; fileRef = 2ECB45EF1FADB208007DB421 /* ViewController.swift */; };
		2ECB45F31FADB208007DB421 /* Main.storyboard in Resources */ = {isa = PBXBuildFile; fileRef = 2ECB45F11FADB208007DB421 /* Main.storyboard */; };
		2ECB45F61FADB208007DB421 /* MyCoreData.xcdatamodeld in Sources */ = {isa = PBXBuildFile; fileRef = 2ECB45F41FADB208007DB421 /* MyCoreData.xcdatamodeld */; };
		2ECB45F81FADB208007DB421 /* Assets.xcassets in Resources */ = {isa = PBXBuildFile; fileRef = 2ECB45F71FADB208007DB421 /* Assets.xcassets */; };
		2ECB45FB1FADB208007DB421 /* LaunchScreen.storyboard in Resources */ = {isa = PBXBuildFile; fileRef = 2ECB45F91FADB208007DB421 /* LaunchScreen.storyboard */; };
/* End PBXBuildFile section */

/* Begin PBXFileReference section */
		2ECB45EA1FADB208007DB421 /* MyCoreData.app */ = {isa = PBXFileReference; explicitFileType = wrapper.application; includeInIndex = 0; path = MyCoreData.app; sourceTree = BUILT_PRODUCTS_DIR; };
		2ECB45ED1FADB208007DB421 /* AppDelegate.swift */ = {isa = PBXFileReference; lastKnownFileType = sourcecode.swift; path = AppDelegate.swift; sourceTree = "<group>"; };
		2ECB45EF1FADB208007DB421 /* ViewController.swift */ = {isa = PBXFileReference; lastKnownFileType = sourcecode.swift; path = ViewController.swift; sourceTree = "<group>"; };
		2ECB45F21FADB208007DB421 /* Base */ = {isa = PBXFileReference; lastKnownFileType = file.storyboard; name = Base; path = Base.lproj/Main.storyboard; sourceTree = "<group>"; };
		2ECB45F51FADB208007DB421 /* MyCoreData.xcdatamodel */ = {isa = PBXFileReference; lastKnownFileType = wrapper.xcdatamodel; path = MyCoreData.xcdatamodel; sourceTree = "<group>"; };
		2ECB45F71FADB208007DB421 /* Assets.xcassets */ = {isa = PBXFileReference; lastKnownFileType = folder.assetcatalog; path = Assets.xcassets; sourceTree = "<group>"; };
		2ECB45FA1FADB208007DB421 /* Base */ = {isa = PBXFileReference; lastKnownFileType = file.storyboard; name = Base; path = Base.lproj/LaunchScreen.storyboard; sourceTree = "<group>"; };
		2ECB45FC1FADB208007DB421 /* Info.plist */ = {isa = PBXFileReference; lastKnownFileType = text.plist.xml; path = Info.plist; sourceTree = "<group>"; };
/* End PBXFileReference section */

/* Begin PBXFrameworksBuildPhase section */
		2ECB45E71FADB208007DB421 /* Frameworks */ = {
			isa = PBXFrameworksBuildPhase;
			buildActionMask = 2147483647;
			files = (
			);
			runOnlyForDeploymentPostprocessing = 0;
		};
/* End PBXFrameworksBuildPhase section */

/* Begin PBXGroup section */
		2ECB45E11FADB208007DB421 = {
			isa = PBXGroup;
			children = (
				2ECB45EC1FADB208007DB421 /* MyCoreData */,
				2ECB45EB1FADB208007DB421 /* Products */,
			);
			sourceTree = "<group>";
		};
		2ECB45EB1FADB208007DB421 /* Products */ = {
			isa = PBXGroup;
			children = (
				2ECB45EA1FADB208007DB421 /* MyCoreData.app */,
			);
			name = Products;
			sourceTree = "<group>";
		};
		2ECB45EC1FADB208007DB421 /* MyCoreData */ = {
			isa = PBXGroup;
			children = (
				2ECB45ED1FADB208007DB421 /* AppDelegate.swift */,
				2ECB45EF1FADB208007DB421 /* ViewController.swift */,
				2ECB45F11FADB208007DB421 /* Main.storyboard */,
				2ECB45F71FADB208007DB421 /* Assets.xcassets */,
				2ECB45F91FADB208007DB421 /* LaunchScreen.storyboard */,
				2ECB45FC1FADB208007DB421 /* Info.plist */,
				2ECB45F41FADB208007DB421 /* MyCoreData.xcdatamodeld */,
			);
			path = MyCoreData;
			sourceTree = "<group>";
		};
/* End PBXGroup section */

/* Begin PBXNativeTarget section */
		2ECB45E91FADB208007DB421 /* MyCoreData */ = {
			isa = PBXNativeTarget;
			buildConfigurationList = 2ECB45FF1FADB208007DB421 /* Build configuration list for PBXNativeTarget "MyCoreData" */;
			buildPhases = (
				2ECB45E61FADB208007DB421 /* Sources */,
				2ECB45E71FADB208007DB421 /* Frameworks */,
				2ECB45E81FADB208007DB421 /* Resources */,
			);
			buildRules = (
			);
			dependencies = (
			);
			name = MyCoreData;
			productName = MyCoreData;
			productReference = 2ECB45EA1FADB208007DB421 /* MyCoreData.app */;
			productType = "com.apple.product-type.application";
		};
/* End PBXNativeTarget section */

/* Begin PBXProject section */
		2ECB45E21FADB208007DB421 /* Project object */ = {
			isa = PBXProject;
			attributes = {
				LastSwiftUpdateCheck = 0820;
				LastUpgradeCheck = 0820;
				ORGANIZATIONNAME = "Roman De Angel";
				TargetAttributes = {
					2ECB45E91FADB208007DB421 = {
						CreatedOnToolsVersion = 8.2.1;
						ProvisioningStyle = Automatic;
					};
				};
			};
			buildConfigurationList = 2ECB45E51FADB208007DB421 /* Build configuration list for PBXProject "MyCoreData" */;
			compatibilityVersion = "Xcode 3.2";
			developmentRegion = English;
			hasScannedForEncodings = 0;
			knownRegions = (
				en,
				Base,
			);
			mainGroup = 2ECB45E11FADB208007DB421;
			productRefGroup = 2ECB45EB1FADB208007DB421 /* Products */;
			projectDirPath = "";
			projectRoot = "";
			targets = (
				2ECB45E91FADB208007DB421 /* MyCoreData */,
			);
		};
/* End PBXProject section */

/* Begin PBXResourcesBuildPhase section */
		2ECB45E81FADB208007DB421 /* Resources */ = {
			isa = PBXResourcesBuildPhase;
			buildActionMask = 2147483647;
			files = (
				2ECB45FB1FADB208007DB421 /* LaunchScreen.storyboard in Resources */,
				2ECB45F81FADB208007DB421 /* Assets.xcassets in Resources */,
				2ECB45F31FADB208007DB421 /* Main.storyboard in Resources */,
			);
			runOnlyForDeploymentPostprocessing = 0;
		};
/* End PBXResourcesBuildPhase section */

/* Begin PBXSourcesBuildPhase section */
		2ECB45E61FADB208007DB421 /* Sources */ = {
			isa = PBXSourcesBuildPhase;
			buildActionMask = 2147483647;
			files = (
				2ECB45F01FADB208007DB421 /* ViewController.swift in Sources */,
				2ECB45EE1FADB208007DB421 /* AppDelegate.swift in Sources */,
				2ECB45F61FADB208007DB421 /* MyCoreData.xcdatamodeld in Sources */,
			);
			runOnlyForDeploymentPostprocessing = 0;
		};
/* End PBXSourcesBuildPhase section */

/* Begin PBXVariantGroup section */
		2ECB45F11FADB208007DB421 /* Main.storyboard */ = {
			isa = PBXVariantGroup;
			children = (
				2ECB45F21FADB208007DB421 /* Base */,
			);
			name = Main.storyboard;
			sourceTree = "<group>";
		};
		2ECB45F91FADB208007DB421 /* LaunchScreen.storyboard */ = {
			isa = PBXVariantGroup;
			children = (
				2ECB45FA1FADB208007DB421 /* Base */,
			);
			name = LaunchScreen.storyboard;
			sourceTree = "<group>";
		};
/* End PBXVariantGroup section */

/* Begin XCBuildConfiguration section */
		2ECB45FD1FADB208007DB421 /* Debug */ = {
			isa = XCBuildConfiguration;
			buildSettings = {
				ALWAYS_SEARCH_USER_PATHS = NO;
				CLANG_ANALYZER_NONNULL = YES;
				CLANG_CXX_LANGUAGE_STANDARD = "gnu++0x";
				CLANG_CXX_LIBRARY = "libc++";
				CLANG_ENABLE_MODULES = YES;
				CLANG_ENABLE_OBJC_ARC = YES;
				CLANG_WARN_BOOL_CONVERSION = YES;
				CLANG_WARN_CONSTANT_CONVERSION = YES;
				CLANG_WARN_DIRECT_OBJC_ISA_USAGE = YES_ERROR;
				CLANG_WARN_DOCUMENTATION_COMMENTS = YES;
				CLANG_WARN_EMPTY_BODY = YES;
				CLANG_WARN_ENUM_CONVERSION = YES;
				CLANG_WARN_INFINITE_RECURSION = YES;
				CLANG_WARN_INT_CONVERSION = YES;
				CLANG_WARN_OBJC_ROOT_CLASS = YES_ERROR;
				CLANG_WARN_SUSPICIOUS_MOVE = YES;
				CLANG_WARN_UNREACHABLE_CODE = YES;
				CLANG_WARN__DUPLICATE_METHOD_MATCH = YES;
				"CODE_SIGN_IDENTITY[sdk=iphoneos*]" = "iPhone Developer";
				COPY_PHASE_STRIP = NO;
				DEBUG_INFORMATION_FORMAT = dwarf;
				ENABLE_STRICT_OBJC_MSGSEND = YES;
				ENABLE_TESTABILITY = YES;
				GCC_C_LANGUAGE_STANDARD = gnu99;
				GCC_DYNAMIC_NO_PIC = NO;
				GCC_NO_COMMON_BLOCKS = YES;
				GCC_OPTIMIZATION_LEVEL = 0;
				GCC_PREPROCESSOR_DEFINITIONS = (
					"DEBUG=1",
					"$(inherited)",
				);
				GCC_WARN_64_TO_32_BIT_CONVERSION = YES;
				GCC_WARN_ABOUT_RETURN_TYPE = YES_ERROR;
				GCC_WARN_UNDECLARED_SELECTOR = YES;
				GCC_WARN_UNINITIALIZED_AUTOS = YES_AGGRESSIVE;
				GCC_WARN_UNUSED_FUNCTION = YES;
				GCC_WARN_UNUSED_VARIABLE = YES;
				IPHONEOS_DEPLOYMENT_TARGET = 10.2;
				MTL_ENABLE_DEBUG_INFO = YES;
				ONLY_ACTIVE_ARCH = YES;
				SDKROOT = iphoneos;
				SWIFT_ACTIVE_COMPILATION_CONDITIONS = DEBUG;
				SWIFT_OPTIMIZATION_LEVEL = "-Onone";
				TARGETED_DEVICE_FAMILY = "1,2";
			};
			name = Debug;
		};
		2ECB45FE1FADB208007DB421 /* Release */ = {
			isa = XCBuildConfiguration;
			buildSettings = {
				ALWAYS_SEARCH_USER_PATHS = NO;
				CLANG_ANALYZER_NONNULL = YES;
				CLANG_CXX_LANGUAGE_STANDARD = "gnu++0x";
				CLANG_CXX_LIBRARY = "libc++";
				CLANG_ENABLE_MODULES = YES;
				CLANG_ENABLE_OBJC_ARC = YES;
				CLANG_WARN_BOOL_CONVERSION = YES;
				CLANG_WARN_CONSTANT_CONVERSION = YES;
				CLANG_WARN_DIRECT_OBJC_ISA_USAGE = YES_ERROR;
				CLANG_WARN_DOCUMENTATION_COMMENTS = YES;
				CLANG_WARN_EMPTY_BODY = YES;
				CLANG_WARN_ENUM_CONVERSION = YES;
				CLANG_WARN_INFINITE_RECURSION = YES;
				CLANG_WARN_INT_CONVERSION = YES;
				CLANG_WARN_OBJC_ROOT_CLASS = YES_ERROR;
				CLANG_WARN_SUSPICIOUS_MOVE = YES;
				CLANG_WARN_UNREACHABLE_CODE = YES;
				CLANG_WARN__DUPLICATE_METHOD_MATCH = YES;
				"CODE_SIGN_IDENTITY[sdk=iphoneos*]" = "iPhone Developer";
				COPY_PHASE_STRIP = NO;
				DEBUG_INFORMATION_FORMAT = "dwarf-with-dsym";
				ENABLE_NS_ASSERTIONS = NO;
				ENABLE_STRICT_OBJC_MSGSEND = YES;
				GCC_C_LANGUAGE_STANDARD = gnu99;
				GCC_NO_COMMON_BLOCKS = YES;
				GCC_WARN_64_TO_32_BIT_CONVERSION = YES;
				GCC_WARN_ABOUT_RETURN_TYPE = YES_ERROR;
				GCC_WARN_UNDECLARED_SELECTOR = YES;
				GCC_WARN_UNINITIALIZED_AUTOS = YES_AGGRESSIVE;
				GCC_WARN_UNUSED_FUNCTION = YES;
				GCC_WARN_UNUSED_VARIABLE = YES;
				IPHONEOS_DEPLOYMENT_TARGET = 10.2;
				MTL_ENABLE_DEBUG_INFO = NO;
				SDKROOT = iphoneos;
				SWIFT_OPTIMIZATION_LEVEL = "-Owholemodule";
				TARGETED_DEVICE_FAMILY = "1,2";
				VALIDATE_PRODUCT = YES;
			};
			name = Release;
		};
		2ECB46001FADB208007DB421 /* Debug */ = {
			isa = XCBuildConfiguration;
			buildSettings = {
				ASSETCATALOG_COMPILER_APPICON_NAME = AppIcon;
				INFOPLIST_FILE = MyCoreData/Info.plist;
				LD_RUNPATH_SEARCH_PATHS = "$(inherited) @executable_path/Frameworks";
				PRODUCT_BUNDLE_IDENTIFIER = com.fourteen.MyCoreData;
				PRODUCT_NAME = "$(TARGET_NAME)";
				SWIFT_VERSION = 3.0;
			};
			name = Debug;
		};
		2ECB46011FADB208007DB421 /* Release */ = {
			isa = XCBuildConfiguration;
			buildSettings = {
				ASSETCATALOG_COMPILER_APPICON_NAME = AppIcon;
				INFOPLIST_FILE = MyCoreData/Info.plist;
				LD_RUNPATH_SEARCH_PATHS = "$(inherited) @executable_path/Frameworks";
				PRODUCT_BUNDLE_IDENTIFIER = com.fourteen.MyCoreData;
				PRODUCT_NAME = "$(TARGET_NAME)";
				SWIFT_VERSION = 3.0;
			};
			name = Release;
		};
/* End XCBuildConfiguration section */

/* Begin XCConfigurationList section */
		2ECB45E51FADB208007DB421 /* Build configuration list for PBXProject "MyCoreData" */ = {
			isa = XCConfigurationList;
			buildConfigurations = (
				2ECB45FD1FADB208007DB421 /* Debug */,
				2ECB45FE1FADB208007DB421 /* Release */,
			);
			defaultConfigurationIsVisible = 0;
			defaultConfigurationName = Release;
		};
		2ECB45FF1FADB208007DB421 /* Build configuration list for PBXNativeTarget "MyCoreData" */ = {
			isa = XCConfigurationList;
			buildConfigurations = (
				2ECB46001FADB208007DB421 /* Debug */,
				2ECB46011FADB208007DB421 /* Release */,
			);
			defaultConfigurationIsVisible = 0;
		};
/* End XCConfigurationList section */

/* Begin XCVersionGroup section */
		2ECB45F41FADB208007DB421 /* MyCoreData.xcdatamodeld */ = {
			isa = XCVersionGroup;
			children = (
				2ECB45F51FADB208007DB421 /* MyCoreData.xcdatamodel */,
			);
			currentVersion = 2ECB45F51FADB208007DB421 /* MyCoreData.xcdatamodel */;
			path = MyCoreData.xcdatamodeld;
			sourceTree = "<group>";
			versionGroupType = wrapper.xcdatamodel;
		};
/* End XCVersionGroup section */
	};
	rootObject = 2ECB45E21FADB208007DB421 /* Project object */;
}
