// !$*UTF8*$!
{
	archiveVersion = 1;
	classes = {
	};
	objectVersion = 46;
	objects = {

/* Begin PBXBuildFile section */
		2EA017681FB1294C00F4B402 /* AppDelegate.swift in Sources */ = {isa = PBXBuildFile; fileRef = 2EA017671FB1294C00F4B402 /* AppDelegate.swift */; };
		2EA0176A1FB1294C00F4B402 /* ViewController.swift in Sources */ = {isa = PBXBuildFile; fileRef = 2EA017691FB1294C00F4B402 /* ViewController.swift */; };
		2EA0176D1FB1294C00F4B402 /* Main.storyboard in Resources */ = {isa = PBXBuildFile; fileRef = 2EA0176B1FB1294C00F4B402 /* Main.storyboard */; };
		2EA0176F1FB1294C00F4B402 /* Assets.xcassets in Resources */ = {isa = PBXBuildFile; fileRef = 2EA0176E1FB1294C00F4B402 /* Assets.xcassets */; };
		2EA017721FB1294C00F4B402 /* LaunchScreen.storyboard in Resources */ = {isa = PBXBuildFile; fileRef = 2EA017701FB1294C00F4B402 /* LaunchScreen.storyboard */; };
		2EA0177A1FB12A1200F4B402 /* Item.plist in Resources */ = {isa = PBXBuildFile; fileRef = 2EA017791FB12A1200F4B402 /* Item.plist */; };
/* End PBXBuildFile section */

/* Begin PBXFileReference section */
		2EA017641FB1294C00F4B402 /* W32DPTwo.app */ = {isa = PBXFileReference; explicitFileType = wrapper.application; includeInIndex = 0; path = W32DPTwo.app; sourceTree = BUILT_PRODUCTS_DIR; };
		2EA017671FB1294C00F4B402 /* AppDelegate.swift */ = {isa = PBXFileReference; lastKnownFileType = sourcecode.swift; path = AppDelegate.swift; sourceTree = "<group>"; };
		2EA017691FB1294C00F4B402 /* ViewController.swift */ = {isa = PBXFileReference; lastKnownFileType = sourcecode.swift; path = ViewController.swift; sourceTree = "<group>"; };
		2EA0176C1FB1294C00F4B402 /* Base */ = {isa = PBXFileReference; lastKnownFileType = file.storyboard; name = Base; path = Base.lproj/Main.storyboard; sourceTree = "<group>"; };
		2EA0176E1FB1294C00F4B402 /* Assets.xcassets */ = {isa = PBXFileReference; lastKnownFileType = folder.assetcatalog; path = Assets.xcassets; sourceTree = "<group>"; };
		2EA017711FB1294C00F4B402 /* Base */ = {isa = PBXFileReference; lastKnownFileType = file.storyboard; name = Base; path = Base.lproj/LaunchScreen.storyboard; sourceTree = "<group>"; };
		2EA017731FB1294C00F4B402 /* Info.plist */ = {isa = PBXFileReference; lastKnownFileType = text.plist.xml; path = Info.plist; sourceTree = "<group>"; };
		2EA017791FB12A1200F4B402 /* Item.plist */ = {isa = PBXFileReference; fileEncoding = 4; lastKnownFileType = text.plist.xml; path = Item.plist; sourceTree = "<group>"; };
/* End PBXFileReference section */

/* Begin PBXFrameworksBuildPhase section */
		2EA017611FB1294C00F4B402 /* Frameworks */ = {
			isa = PBXFrameworksBuildPhase;
			buildActionMask = 2147483647;
			files = (
			);
			runOnlyForDeploymentPostprocessing = 0;
		};
/* End PBXFrameworksBuildPhase section */

/* Begin PBXGroup section */
		2EA0175B1FB1294C00F4B402 = {
			isa = PBXGroup;
			children = (
				2EA017661FB1294C00F4B402 /* W32DPTwo */,
				2EA017651FB1294C00F4B402 /* Products */,
			);
			sourceTree = "<group>";
		};
		2EA017651FB1294C00F4B402 /* Products */ = {
			isa = PBXGroup;
			children = (
				2EA017641FB1294C00F4B402 /* W32DPTwo.app */,
			);
			name = Products;
			sourceTree = "<group>";
		};
		2EA017661FB1294C00F4B402 /* W32DPTwo */ = {
			isa = PBXGroup;
			children = (
				2EA017671FB1294C00F4B402 /* AppDelegate.swift */,
				2EA017691FB1294C00F4B402 /* ViewController.swift */,
				2EA0176B1FB1294C00F4B402 /* Main.storyboard */,
				2EA0176E1FB1294C00F4B402 /* Assets.xcassets */,
				2EA017701FB1294C00F4B402 /* LaunchScreen.storyboard */,
				2EA017731FB1294C00F4B402 /* Info.plist */,
				2EA017791FB12A1200F4B402 /* Item.plist */,
			);
			path = W32DPTwo;
			sourceTree = "<group>";
		};
/* End PBXGroup section */

/* Begin PBXNativeTarget section */
		2EA017631FB1294C00F4B402 /* W32DPTwo */ = {
			isa = PBXNativeTarget;
			buildConfigurationList = 2EA017761FB1294C00F4B402 /* Build configuration list for PBXNativeTarget "W32DPTwo" */;
			buildPhases = (
				2EA017601FB1294C00F4B402 /* Sources */,
				2EA017611FB1294C00F4B402 /* Frameworks */,
				2EA017621FB1294C00F4B402 /* Resources */,
			);
			buildRules = (
			);
			dependencies = (
			);
			name = W32DPTwo;
			productName = W32DPTwo;
			productReference = 2EA017641FB1294C00F4B402 /* W32DPTwo.app */;
			productType = "com.apple.product-type.application";
		};
/* End PBXNativeTarget section */

/* Begin PBXProject section */
		2EA0175C1FB1294C00F4B402 /* Project object */ = {
			isa = PBXProject;
			attributes = {
				LastSwiftUpdateCheck = 0820;
				LastUpgradeCheck = 0820;
				ORGANIZATIONNAME = "Roman De Angel";
				TargetAttributes = {
					2EA017631FB1294C00F4B402 = {
						CreatedOnToolsVersion = 8.2.1;
						ProvisioningStyle = Automatic;
					};
				};
			};
			buildConfigurationList = 2EA0175F1FB1294C00F4B402 /* Build configuration list for PBXProject "W32DPTwo" */;
			compatibilityVersion = "Xcode 3.2";
			developmentRegion = English;
			hasScannedForEncodings = 0;
			knownRegions = (
				en,
				Base,
			);
			mainGroup = 2EA0175B1FB1294C00F4B402;
			productRefGroup = 2EA017651FB1294C00F4B402 /* Products */;
			projectDirPath = "";
			projectRoot = "";
			targets = (
				2EA017631FB1294C00F4B402 /* W32DPTwo */,
			);
		};
/* End PBXProject section */

/* Begin PBXResourcesBuildPhase section */
		2EA017621FB1294C00F4B402 /* Resources */ = {
			isa = PBXResourcesBuildPhase;
			buildActionMask = 2147483647;
			files = (
				2EA017721FB1294C00F4B402 /* LaunchScreen.storyboard in Resources */,
				2EA0176F1FB1294C00F4B402 /* Assets.xcassets in Resources */,
				2EA0176D1FB1294C00F4B402 /* Main.storyboard in Resources */,
				2EA0177A1FB12A1200F4B402 /* Item.plist in Resources */,
			);
			runOnlyForDeploymentPostprocessing = 0;
		};
/* End PBXResourcesBuildPhase section */

/* Begin PBXSourcesBuildPhase section */
		2EA017601FB1294C00F4B402 /* Sources */ = {
			isa = PBXSourcesBuildPhase;
			buildActionMask = 2147483647;
			files = (
				2EA0176A1FB1294C00F4B402 /* ViewController.swift in Sources */,
				2EA017681FB1294C00F4B402 /* AppDelegate.swift in Sources */,
			);
			runOnlyForDeploymentPostprocessing = 0;
		};
/* End PBXSourcesBuildPhase section */

/* Begin PBXVariantGroup section */
		2EA0176B1FB1294C00F4B402 /* Main.storyboard */ = {
			isa = PBXVariantGroup;
			children = (
				2EA0176C1FB1294C00F4B402 /* Base */,
			);
			name = Main.storyboard;
			sourceTree = "<group>";
		};
		2EA017701FB1294C00F4B402 /* LaunchScreen.storyboard */ = {
			isa = PBXVariantGroup;
			children = (
				2EA017711FB1294C00F4B402 /* Base */,
			);
			name = LaunchScreen.storyboard;
			sourceTree = "<group>";
		};
/* End PBXVariantGroup section */

/* Begin XCBuildConfiguration section */
		2EA017741FB1294C00F4B402 /* Debug */ = {
			isa = XCBuildConfiguration;
			buildSettings = {
				ALWAYS_SEARCH_USER_PATHS = NO;
				CLANG_ANALYZER_NONNULL = YES;
				CLANG_CXX_LANGUAGE_STANDARD = "gnu++0x";
				CLANG_CXX_LIBRARY = "libc++";
				CLANG_ENABLE_MODULES = YES;
				CLANG_ENABLE_OBJC_ARC = YES;
				CLANG_WARN_BOOL_CONVERSION = YES;
				CLANG_WARN_CONSTANT_CONVERSION = YES;
				CLANG_WARN_DIRECT_OBJC_ISA_USAGE = YES_ERROR;
				CLANG_WARN_DOCUMENTATION_COMMENTS = YES;
				CLANG_WARN_EMPTY_BODY = YES;
				CLANG_WARN_ENUM_CONVERSION = YES;
				CLANG_WARN_INFINITE_RECURSION = YES;
				CLANG_WARN_INT_CONVERSION = YES;
				CLANG_WARN_OBJC_ROOT_CLASS = YES_ERROR;
				CLANG_WARN_SUSPICIOUS_MOVE = YES;
				CLANG_WARN_UNREACHABLE_CODE = YES;
				CLANG_WARN__DUPLICATE_METHOD_MATCH = YES;
				"CODE_SIGN_IDENTITY[sdk=iphoneos*]" = "iPhone Developer";
				COPY_PHASE_STRIP = NO;
				DEBUG_INFORMATION_FORMAT = dwarf;
				ENABLE_STRICT_OBJC_MSGSEND = YES;
				ENABLE_TESTABILITY = YES;
				GCC_C_LANGUAGE_STANDARD = gnu99;
				GCC_DYNAMIC_NO_PIC = NO;
				GCC_NO_COMMON_BLOCKS = YES;
				GCC_OPTIMIZATION_LEVEL = 0;
				GCC_PREPROCESSOR_DEFINITIONS = (
					"DEBUG=1",
					"$(inherited)",
				);
				GCC_WARN_64_TO_32_BIT_CONVERSION = YES;
				GCC_WARN_ABOUT_RETURN_TYPE = YES_ERROR;
				GCC_WARN_UNDECLARED_SELECTOR = YES;
				GCC_WARN_UNINITIALIZED_AUTOS = YES_AGGRESSIVE;
				GCC_WARN_UNUSED_FUNCTION = YES;
				GCC_WARN_UNUSED_VARIABLE = YES;
				IPHONEOS_DEPLOYMENT_TARGET = 10.2;
				MTL_ENABLE_DEBUG_INFO = YES;
				ONLY_ACTIVE_ARCH = YES;
				SDKROOT = iphoneos;
				SWIFT_ACTIVE_COMPILATION_CONDITIONS = DEBUG;
				SWIFT_OPTIMIZATION_LEVEL = "-Onone";
				TARGETED_DEVICE_FAMILY = "1,2";
			};
			name = Debug;
		};
		2EA017751FB1294C00F4B402 /* Release */ = {
			isa = XCBuildConfiguration;
			buildSettings = {
				ALWAYS_SEARCH_USER_PATHS = NO;
				CLANG_ANALYZER_NONNULL = YES;
				CLANG_CXX_LANGUAGE_STANDARD = "gnu++0x";
				CLANG_CXX_LIBRARY = "libc++";
				CLANG_ENABLE_MODULES = YES;
				CLANG_ENABLE_OBJC_ARC = YES;
				CLANG_WARN_BOOL_CONVERSION = YES;
				CLANG_WARN_CONSTANT_CONVERSION = YES;
				CLANG_WARN_DIRECT_OBJC_ISA_USAGE = YES_ERROR;
				CLANG_WARN_DOCUMENTATION_COMMENTS = YES;
				CLANG_WARN_EMPTY_BODY = YES;
				CLANG_WARN_ENUM_CONVERSION = YES;
				CLANG_WARN_INFINITE_RECURSION = YES;
				CLANG_WARN_INT_CONVERSION = YES;
				CLANG_WARN_OBJC_ROOT_CLASS = YES_ERROR;
				CLANG_WARN_SUSPICIOUS_MOVE = YES;
				CLANG_WARN_UNREACHABLE_CODE = YES;
				CLANG_WARN__DUPLICATE_METHOD_MATCH = YES;
				"CODE_SIGN_IDENTITY[sdk=iphoneos*]" = "iPhone Developer";
				COPY_PHASE_STRIP = NO;
				DEBUG_INFORMATION_FORMAT = "dwarf-with-dsym";
				ENABLE_NS_ASSERTIONS = NO;
				ENABLE_STRICT_OBJC_MSGSEND = YES;
				GCC_C_LANGUAGE_STANDARD = gnu99;
				GCC_NO_COMMON_BLOCKS = YES;
				GCC_WARN_64_TO_32_BIT_CONVERSION = YES;
				GCC_WARN_ABOUT_RETURN_TYPE = YES_ERROR;
				GCC_WARN_UNDECLARED_SELECTOR = YES;
				GCC_WARN_UNINITIALIZED_AUTOS = YES_AGGRESSIVE;
				GCC_WARN_UNUSED_FUNCTION = YES;
				GCC_WARN_UNUSED_VARIABLE = YES;
				IPHONEOS_DEPLOYMENT_TARGET = 10.2;
				MTL_ENABLE_DEBUG_INFO = NO;
				SDKROOT = iphoneos;
				SWIFT_OPTIMIZATION_LEVEL = "-Owholemodule";
				TARGETED_DEVICE_FAMILY = "1,2";
				VALIDATE_PRODUCT = YES;
			};
			name = Release;
		};
		2EA017771FB1294C00F4B402 /* Debug */ = {
			isa = XCBuildConfiguration;
			buildSettings = {
				ASSETCATALOG_COMPILER_APPICON_NAME = AppIcon;
				INFOPLIST_FILE = W32DPTwo/Info.plist;
				LD_RUNPATH_SEARCH_PATHS = "$(inherited) @executable_path/Frameworks";
				PRODUCT_BUNDLE_IDENTIFIER = com.fourteen.W32DPTwo;
				PRODUCT_NAME = "$(TARGET_NAME)";
				SWIFT_VERSION = 3.0;
			};
			name = Debug;
		};
		2EA017781FB1294C00F4B402 /* Release */ = {
			isa = XCBuildConfiguration;
			buildSettings = {
				ASSETCATALOG_COMPILER_APPICON_NAME = AppIcon;
				INFOPLIST_FILE = W32DPTwo/Info.plist;
				LD_RUNPATH_SEARCH_PATHS = "$(inherited) @executable_path/Frameworks";
				PRODUCT_BUNDLE_IDENTIFIER = com.fourteen.W32DPTwo;
				PRODUCT_NAME = "$(TARGET_NAME)";
				SWIFT_VERSION = 3.0;
			};
			name = Release;
		};
/* End XCBuildConfiguration section */

/* Begin XCConfigurationList section */
		2EA0175F1FB1294C00F4B402 /* Build configuration list for PBXProject "W32DPTwo" */ = {
			isa = XCConfigurationList;
			buildConfigurations = (
				2EA017741FB1294C00F4B402 /* Debug */,
				2EA017751FB1294C00F4B402 /* Release */,
			);
			defaultConfigurationIsVisible = 0;
			defaultConfigurationName = Release;
		};
		2EA017761FB1294C00F4B402 /* Build configuration list for PBXNativeTarget "W32DPTwo" */ = {
			isa = XCConfigurationList;
			buildConfigurations = (
				2EA017771FB1294C00F4B402 /* Debug */,
				2EA017781FB1294C00F4B402 /* Release */,
			);
			defaultConfigurationIsVisible = 0;
		};
/* End XCConfigurationList section */
	};
	rootObject = 2EA0175C1FB1294C00F4B402 /* Project object */;
}
