// !$*UTF8*$!
{
	archiveVersion = 1;
	classes = {
	};
	objectVersion = 46;
	objects = {

/* Begin PBXBuildFile section */
		013A7F111F9F279600C33F27 /* AppDelegate.swift in Sources */ = {isa = PBXBuildFile; fileRef = 013A7F101F9F279600C33F27 /* AppDelegate.swift */; };
		013A7F131F9F279700C33F27 /* ViewController.swift in Sources */ = {isa = PBXBuildFile; fileRef = 013A7F121F9F279700C33F27 /* ViewController.swift */; };
		013A7F161F9F279700C33F27 /* Main.storyboard in Resources */ = {isa = PBXBuildFile; fileRef = 013A7F141F9F279700C33F27 /* Main.storyboard */; };
		013A7F181F9F279700C33F27 /* Assets.xcassets in Resources */ = {isa = PBXBuildFile; fileRef = 013A7F171F9F279700C33F27 /* Assets.xcassets */; };
		013A7F1B1F9F279700C33F27 /* LaunchScreen.storyboard in Resources */ = {isa = PBXBuildFile; fileRef = 013A7F191F9F279700C33F27 /* LaunchScreen.storyboard */; };
/* End PBXBuildFile section */

/* Begin PBXFileReference section */
		013A7F0D1F9F279600C33F27 /* Activity4B.app */ = {isa = PBXFileReference; explicitFileType = wrapper.application; includeInIndex = 0; path = Activity4B.app; sourceTree = BUILT_PRODUCTS_DIR; };
		013A7F101F9F279600C33F27 /* AppDelegate.swift */ = {isa = PBXFileReference; lastKnownFileType = sourcecode.swift; path = AppDelegate.swift; sourceTree = "<group>"; };
		013A7F121F9F279700C33F27 /* ViewController.swift */ = {isa = PBXFileReference; lastKnownFileType = sourcecode.swift; path = ViewController.swift; sourceTree = "<group>"; };
		013A7F151F9F279700C33F27 /* Base */ = {isa = PBXFileReference; lastKnownFileType = file.storyboard; name = Base; path = Base.lproj/Main.storyboard; sourceTree = "<group>"; };
		013A7F171F9F279700C33F27 /* Assets.xcassets */ = {isa = PBXFileReference; lastKnownFileType = folder.assetcatalog; path = Assets.xcassets; sourceTree = "<group>"; };
		013A7F1A1F9F279700C33F27 /* Base */ = {isa = PBXFileReference; lastKnownFileType = file.storyboard; name = Base; path = Base.lproj/LaunchScreen.storyboard; sourceTree = "<group>"; };
		013A7F1C1F9F279700C33F27 /* Info.plist */ = {isa = PBXFileReference; lastKnownFileType = text.plist.xml; path = Info.plist; sourceTree = "<group>"; };
/* End PBXFileReference section */

/* Begin PBXFrameworksBuildPhase section */
		013A7F0A1F9F279600C33F27 /* Frameworks */ = {
			isa = PBXFrameworksBuildPhase;
			buildActionMask = 2147483647;
			files = (
			);
			runOnlyForDeploymentPostprocessing = 0;
		};
/* End PBXFrameworksBuildPhase section */

/* Begin PBXGroup section */
		013A7F041F9F279600C33F27 = {
			isa = PBXGroup;
			children = (
				013A7F0F1F9F279600C33F27 /* Activity4B */,
				013A7F0E1F9F279600C33F27 /* Products */,
			);
			sourceTree = "<group>";
		};
		013A7F0E1F9F279600C33F27 /* Products */ = {
			isa = PBXGroup;
			children = (
				013A7F0D1F9F279600C33F27 /* Activity4B.app */,
			);
			name = Products;
			sourceTree = "<group>";
		};
		013A7F0F1F9F279600C33F27 /* Activity4B */ = {
			isa = PBXGroup;
			children = (
				013A7F101F9F279600C33F27 /* AppDelegate.swift */,
				013A7F121F9F279700C33F27 /* ViewController.swift */,
				013A7F141F9F279700C33F27 /* Main.storyboard */,
				013A7F171F9F279700C33F27 /* Assets.xcassets */,
				013A7F191F9F279700C33F27 /* LaunchScreen.storyboard */,
				013A7F1C1F9F279700C33F27 /* Info.plist */,
			);
			path = Activity4B;
			sourceTree = "<group>";
		};
/* End PBXGroup section */

/* Begin PBXNativeTarget section */
		013A7F0C1F9F279600C33F27 /* Activity4B */ = {
			isa = PBXNativeTarget;
			buildConfigurationList = 013A7F1F1F9F279700C33F27 /* Build configuration list for PBXNativeTarget "Activity4B" */;
			buildPhases = (
				013A7F091F9F279600C33F27 /* Sources */,
				013A7F0A1F9F279600C33F27 /* Frameworks */,
				013A7F0B1F9F279600C33F27 /* Resources */,
			);
			buildRules = (
			);
			dependencies = (
			);
			name = Activity4B;
			productName = Activity4B;
			productReference = 013A7F0D1F9F279600C33F27 /* Activity4B.app */;
			productType = "com.apple.product-type.application";
		};
/* End PBXNativeTarget section */

/* Begin PBXProject section */
		013A7F051F9F279600C33F27 /* Project object */ = {
			isa = PBXProject;
			attributes = {
				LastSwiftUpdateCheck = 0820;
				LastUpgradeCheck = 0820;
				ORGANIZATIONNAME = "KENDRICK ANDREW COSCA";
				TargetAttributes = {
					013A7F0C1F9F279600C33F27 = {
						CreatedOnToolsVersion = 8.2.1;
						DevelopmentTeam = HWW3JX37AH;
						ProvisioningStyle = Automatic;
					};
				};
			};
			buildConfigurationList = 013A7F081F9F279600C33F27 /* Build configuration list for PBXProject "Activity4B" */;
			compatibilityVersion = "Xcode 3.2";
			developmentRegion = English;
			hasScannedForEncodings = 0;
			knownRegions = (
				en,
				Base,
			);
			mainGroup = 013A7F041F9F279600C33F27;
			productRefGroup = 013A7F0E1F9F279600C33F27 /* Products */;
			projectDirPath = "";
			projectRoot = "";
			targets = (
				013A7F0C1F9F279600C33F27 /* Activity4B */,
			);
		};
/* End PBXProject section */

/* Begin PBXResourcesBuildPhase section */
		013A7F0B1F9F279600C33F27 /* Resources */ = {
			isa = PBXResourcesBuildPhase;
			buildActionMask = 2147483647;
			files = (
				013A7F1B1F9F279700C33F27 /* LaunchScreen.storyboard in Resources */,
				013A7F181F9F279700C33F27 /* Assets.xcassets in Resources */,
				013A7F161F9F279700C33F27 /* Main.storyboard in Resources */,
			);
			runOnlyForDeploymentPostprocessing = 0;
		};
/* End PBXResourcesBuildPhase section */

/* Begin PBXSourcesBuildPhase section */
		013A7F091F9F279600C33F27 /* Sources */ = {
			isa = PBXSourcesBuildPhase;
			buildActionMask = 2147483647;
			files = (
				013A7F131F9F279700C33F27 /* ViewController.swift in Sources */,
				013A7F111F9F279600C33F27 /* AppDelegate.swift in Sources */,
			);
			runOnlyForDeploymentPostprocessing = 0;
		};
/* End PBXSourcesBuildPhase section */

/* Begin PBXVariantGroup section */
		013A7F141F9F279700C33F27 /* Main.storyboard */ = {
			isa = PBXVariantGroup;
			children = (
				013A7F151F9F279700C33F27 /* Base */,
			);
			name = Main.storyboard;
			sourceTree = "<group>";
		};
		013A7F191F9F279700C33F27 /* LaunchScreen.storyboard */ = {
			isa = PBXVariantGroup;
			children = (
				013A7F1A1F9F279700C33F27 /* Base */,
			);
			name = LaunchScreen.storyboard;
			sourceTree = "<group>";
		};
/* End PBXVariantGroup section */

/* Begin XCBuildConfiguration section */
		013A7F1D1F9F279700C33F27 /* Debug */ = {
			isa = XCBuildConfiguration;
			buildSettings = {
				ALWAYS_SEARCH_USER_PATHS = NO;
				CLANG_ANALYZER_NONNULL = YES;
				CLANG_CXX_LANGUAGE_STANDARD = "gnu++0x";
				CLANG_CXX_LIBRARY = "libc++";
				CLANG_ENABLE_MODULES = YES;
				CLANG_ENABLE_OBJC_ARC = YES;
				CLANG_WARN_BOOL_CONVERSION = YES;
				CLANG_WARN_CONSTANT_CONVERSION = YES;
				CLANG_WARN_DIRECT_OBJC_ISA_USAGE = YES_ERROR;
				CLANG_WARN_DOCUMENTATION_COMMENTS = YES;
				CLANG_WARN_EMPTY_BODY = YES;
				CLANG_WARN_ENUM_CONVERSION = YES;
				CLANG_WARN_INFINITE_RECURSION = YES;
				CLANG_WARN_INT_CONVERSION = YES;
				CLANG_WARN_OBJC_ROOT_CLASS = YES_ERROR;
				CLANG_WARN_SUSPICIOUS_MOVE = YES;
				CLANG_WARN_UNREACHABLE_CODE = YES;
				CLANG_WARN__DUPLICATE_METHOD_MATCH = YES;
				"CODE_SIGN_IDENTITY[sdk=iphoneos*]" = "iPhone Developer";
				COPY_PHASE_STRIP = NO;
				DEBUG_INFORMATION_FORMAT = dwarf;
				ENABLE_STRICT_OBJC_MSGSEND = YES;
				ENABLE_TESTABILITY = YES;
				GCC_C_LANGUAGE_STANDARD = gnu99;
				GCC_DYNAMIC_NO_PIC = NO;
				GCC_NO_COMMON_BLOCKS = YES;
				GCC_OPTIMIZATION_LEVEL = 0;
				GCC_PREPROCESSOR_DEFINITIONS = (
					"DEBUG=1",
					"$(inherited)",
				);
				GCC_WARN_64_TO_32_BIT_CONVERSION = YES;
				GCC_WARN_ABOUT_RETURN_TYPE = YES_ERROR;
				GCC_WARN_UNDECLARED_SELECTOR = YES;
				GCC_WARN_UNINITIALIZED_AUTOS = YES_AGGRESSIVE;
				GCC_WARN_UNUSED_FUNCTION = YES;
				GCC_WARN_UNUSED_VARIABLE = YES;
				IPHONEOS_DEPLOYMENT_TARGET = 10.2;
				MTL_ENABLE_DEBUG_INFO = YES;
				ONLY_ACTIVE_ARCH = YES;
				SDKROOT = iphoneos;
				SWIFT_ACTIVE_COMPILATION_CONDITIONS = DEBUG;
				SWIFT_OPTIMIZATION_LEVEL = "-Onone";
				TARGETED_DEVICE_FAMILY = "1,2";
			};
			name = Debug;
		};
		013A7F1E1F9F279700C33F27 /* Release */ = {
			isa = XCBuildConfiguration;
			buildSettings = {
				ALWAYS_SEARCH_USER_PATHS = NO;
				CLANG_ANALYZER_NONNULL = YES;
				CLANG_CXX_LANGUAGE_STANDARD = "gnu++0x";
				CLANG_CXX_LIBRARY = "libc++";
				CLANG_ENABLE_MODULES = YES;
				CLANG_ENABLE_OBJC_ARC = YES;
				CLANG_WARN_BOOL_CONVERSION = YES;
				CLANG_WARN_CONSTANT_CONVERSION = YES;
				CLANG_WARN_DIRECT_OBJC_ISA_USAGE = YES_ERROR;
				CLANG_WARN_DOCUMENTATION_COMMENTS = YES;
				CLANG_WARN_EMPTY_BODY = YES;
				CLANG_WARN_ENUM_CONVERSION = YES;
				CLANG_WARN_INFINITE_RECURSION = YES;
				CLANG_WARN_INT_CONVERSION = YES;
				CLANG_WARN_OBJC_ROOT_CLASS = YES_ERROR;
				CLANG_WARN_SUSPICIOUS_MOVE = YES;
				CLANG_WARN_UNREACHABLE_CODE = YES;
				CLANG_WARN__DUPLICATE_METHOD_MATCH = YES;
				"CODE_SIGN_IDENTITY[sdk=iphoneos*]" = "iPhone Developer";
				COPY_PHASE_STRIP = NO;
				DEBUG_INFORMATION_FORMAT = "dwarf-with-dsym";
				ENABLE_NS_ASSERTIONS = NO;
				ENABLE_STRICT_OBJC_MSGSEND = YES;
				GCC_C_LANGUAGE_STANDARD = gnu99;
				GCC_NO_COMMON_BLOCKS = YES;
				GCC_WARN_64_TO_32_BIT_CONVERSION = YES;
				GCC_WARN_ABOUT_RETURN_TYPE = YES_ERROR;
				GCC_WARN_UNDECLARED_SELECTOR = YES;
				GCC_WARN_UNINITIALIZED_AUTOS = YES_AGGRESSIVE;
				GCC_WARN_UNUSED_FUNCTION = YES;
				GCC_WARN_UNUSED_VARIABLE = YES;
				IPHONEOS_DEPLOYMENT_TARGET = 10.2;
				MTL_ENABLE_DEBUG_INFO = NO;
				SDKROOT = iphoneos;
				SWIFT_OPTIMIZATION_LEVEL = "-Owholemodule";
				TARGETED_DEVICE_FAMILY = "1,2";
				VALIDATE_PRODUCT = YES;
			};
			name = Release;
		};
		013A7F201F9F279700C33F27 /* Debug */ = {
			isa = XCBuildConfiguration;
			buildSettings = {
				ASSETCATALOG_COMPILER_APPICON_NAME = AppIcon;
				DEVELOPMENT_TEAM = HWW3JX37AH;
				INFOPLIST_FILE = Activity4B/Info.plist;
				LD_RUNPATH_SEARCH_PATHS = "$(inherited) @executable_path/Frameworks";
				PRODUCT_BUNDLE_IDENTIFIER = com.applesix.Activity4B;
				PRODUCT_NAME = "$(TARGET_NAME)";
				SWIFT_VERSION = 3.0;
			};
			name = Debug;
		};
		013A7F211F9F279700C33F27 /* Release */ = {
			isa = XCBuildConfiguration;
			buildSettings = {
				ASSETCATALOG_COMPILER_APPICON_NAME = AppIcon;
				DEVELOPMENT_TEAM = HWW3JX37AH;
				INFOPLIST_FILE = Activity4B/Info.plist;
				LD_RUNPATH_SEARCH_PATHS = "$(inherited) @executable_path/Frameworks";
				PRODUCT_BUNDLE_IDENTIFIER = com.applesix.Activity4B;
				PRODUCT_NAME = "$(TARGET_NAME)";
				SWIFT_VERSION = 3.0;
			};
			name = Release;
		};
/* End XCBuildConfiguration section */

/* Begin XCConfigurationList section */
		013A7F081F9F279600C33F27 /* Build configuration list for PBXProject "Activity4B" */ = {
			isa = XCConfigurationList;
			buildConfigurations = (
				013A7F1D1F9F279700C33F27 /* Debug */,
				013A7F1E1F9F279700C33F27 /* Release */,
			);
			defaultConfigurationIsVisible = 0;
			defaultConfigurationName = Release;
		};
		013A7F1F1F9F279700C33F27 /* Build configuration list for PBXNativeTarget "Activity4B" */ = {
			isa = XCConfigurationList;
			buildConfigurations = (
				013A7F201F9F279700C33F27 /* Debug */,
				013A7F211F9F279700C33F27 /* Release */,
			);
			defaultConfigurationIsVisible = 0;
		};
/* End XCConfigurationList section */
	};
	rootObject = 013A7F051F9F279600C33F27 /* Project object */;
}
