// !$*UTF8*$!
{
	archiveVersion = 1;
	classes = {
	};
	objectVersion = 46;
	objects = {

/* Begin PBXBuildFile section */
		D9C8B9FD1F9E7DD700B8FB98 /* AppDelegate.swift in Sources */ = {isa = PBXBuildFile; fileRef = D9C8B9FC1F9E7DD700B8FB98 /* AppDelegate.swift */; };
		D9C8B9FF1F9E7DD700B8FB98 /* ViewController.swift in Sources */ = {isa = PBXBuildFile; fileRef = D9C8B9FE1F9E7DD700B8FB98 /* ViewController.swift */; };
		D9C8BA021F9E7DD700B8FB98 /* Main.storyboard in Resources */ = {isa = PBXBuildFile; fileRef = D9C8BA001F9E7DD700B8FB98 /* Main.storyboard */; };
		D9C8BA041F9E7DD700B8FB98 /* Assets.xcassets in Resources */ = {isa = PBXBuildFile; fileRef = D9C8BA031F9E7DD700B8FB98 /* Assets.xcassets */; };
		D9C8BA071F9E7DD700B8FB98 /* LaunchScreen.storyboard in Resources */ = {isa = PBXBuildFile; fileRef = D9C8BA051F9E7DD700B8FB98 /* LaunchScreen.storyboard */; };
		D9C8BA271F9E8C8B00B8FB98 /* bg.png in Resources */ = {isa = PBXBuildFile; fileRef = D9C8BA0F1F9E8C8B00B8FB98 /* bg.png */; };
		D9C8BA281F9E8C8B00B8FB98 /* foxlogo.png in Resources */ = {isa = PBXBuildFile; fileRef = D9C8BA101F9E8C8B00B8FB98 /* foxlogo.png */; };
		D9C8BA291F9E8C8B00B8FB98 /* arya.jpg in Resources */ = {isa = PBXBuildFile; fileRef = D9C8BA121F9E8C8B00B8FB98 /* arya.jpg */; };
		D9C8BA2A1F9E8C8B00B8FB98 /* bran.jpg in Resources */ = {isa = PBXBuildFile; fileRef = D9C8BA131F9E8C8B00B8FB98 /* bran.jpg */; };
		D9C8BA2B1F9E8C8B00B8FB98 /* cersei.jpg in Resources */ = {isa = PBXBuildFile; fileRef = D9C8BA141F9E8C8B00B8FB98 /* cersei.jpg */; };
		D9C8BA2C1F9E8C8B00B8FB98 /* daenerys.jpg in Resources */ = {isa = PBXBuildFile; fileRef = D9C8BA151F9E8C8B00B8FB98 /* daenerys.jpg */; };
		D9C8BA2D1F9E8C8B00B8FB98 /* jaime.jpg in Resources */ = {isa = PBXBuildFile; fileRef = D9C8BA161F9E8C8B00B8FB98 /* jaime.jpg */; };
		D9C8BA2E1F9E8C8B00B8FB98 /* jon.jpg in Resources */ = {isa = PBXBuildFile; fileRef = D9C8BA171F9E8C8B00B8FB98 /* jon.jpg */; };
		D9C8BA2F1F9E8C8B00B8FB98 /* petyr.jpg in Resources */ = {isa = PBXBuildFile; fileRef = D9C8BA181F9E8C8B00B8FB98 /* petyr.jpg */; };
		D9C8BA301F9E8C8B00B8FB98 /* sansa.jpg in Resources */ = {isa = PBXBuildFile; fileRef = D9C8BA191F9E8C8B00B8FB98 /* sansa.jpg */; };
		D9C8BA311F9E8C8B00B8FB98 /* tyrion.jpg in Resources */ = {isa = PBXBuildFile; fileRef = D9C8BA1A1F9E8C8B00B8FB98 /* tyrion.jpg */; };
		D9C8BA321F9E8C8B00B8FB98 /* gotbg.jpg in Resources */ = {isa = PBXBuildFile; fileRef = D9C8BA1B1F9E8C8B00B8FB98 /* gotbg.jpg */; };
		D9C8BA331F9E8C8B00B8FB98 /* hbologo.png in Resources */ = {isa = PBXBuildFile; fileRef = D9C8BA1C1F9E8C8B00B8FB98 /* hbologo.png */; };
		D9C8BA341F9E8C8B00B8FB98 /* abraham.jpg in Resources */ = {isa = PBXBuildFile; fileRef = D9C8BA1E1F9E8C8B00B8FB98 /* abraham.jpg */; };
		D9C8BA351F9E8C8B00B8FB98 /* carl.jpg in Resources */ = {isa = PBXBuildFile; fileRef = D9C8BA1F1F9E8C8B00B8FB98 /* carl.jpg */; };
		D9C8BA361F9E8C8B00B8FB98 /* carol.jpg in Resources */ = {isa = PBXBuildFile; fileRef = D9C8BA201F9E8C8B00B8FB98 /* carol.jpg */; };
		D9C8BA371F9E8C8B00B8FB98 /* daryl.jpg in Resources */ = {isa = PBXBuildFile; fileRef = D9C8BA211F9E8C8B00B8FB98 /* daryl.jpg */; };
		D9C8BA381F9E8C8B00B8FB98 /* glenn.jpg in Resources */ = {isa = PBXBuildFile; fileRef = D9C8BA221F9E8C8B00B8FB98 /* glenn.jpg */; };
		D9C8BA391F9E8C8B00B8FB98 /* maggie.jpg in Resources */ = {isa = PBXBuildFile; fileRef = D9C8BA231F9E8C8B00B8FB98 /* maggie.jpg */; };
		D9C8BA3A1F9E8C8B00B8FB98 /* negan.jpg in Resources */ = {isa = PBXBuildFile; fileRef = D9C8BA241F9E8C8B00B8FB98 /* negan.jpg */; };
		D9C8BA3B1F9E8C8B00B8FB98 /* rick.jpg in Resources */ = {isa = PBXBuildFile; fileRef = D9C8BA251F9E8C8B00B8FB98 /* rick.jpg */; };
		D9C8BA3C1F9E8C8B00B8FB98 /* sasha.jpg in Resources */ = {isa = PBXBuildFile; fileRef = D9C8BA261F9E8C8B00B8FB98 /* sasha.jpg */; };
		D9C8BA3E1F9E905400B8FB98 /* twdbg.jpg in Resources */ = {isa = PBXBuildFile; fileRef = D9C8BA3D1F9E905400B8FB98 /* twdbg.jpg */; };
		D9C8BA451F9EA3A300B8FB98 /* ari.jpg in Resources */ = {isa = PBXBuildFile; fileRef = D9C8BA401F9EA3A300B8FB98 /* ari.jpg */; };
		D9C8BA461F9EA3A300B8FB98 /* eric.jpg in Resources */ = {isa = PBXBuildFile; fileRef = D9C8BA411F9EA3A300B8FB98 /* eric.jpg */; };
		D9C8BA471F9EA3A300B8FB98 /* johnny.jpg in Resources */ = {isa = PBXBuildFile; fileRef = D9C8BA421F9EA3A300B8FB98 /* johnny.jpg */; };
		D9C8BA481F9EA3A300B8FB98 /* turtle.jpg in Resources */ = {isa = PBXBuildFile; fileRef = D9C8BA431F9EA3A300B8FB98 /* turtle.jpg */; };
		D9C8BA491F9EA3A300B8FB98 /* vincent.jpg in Resources */ = {isa = PBXBuildFile; fileRef = D9C8BA441F9EA3A300B8FB98 /* vincent.jpg */; };
		D9C8BA4B1F9EA3BA00B8FB98 /* entouragebg.jpg in Resources */ = {isa = PBXBuildFile; fileRef = D9C8BA4A1F9EA3BA00B8FB98 /* entouragebg.jpg */; };
/* End PBXBuildFile section */

/* Begin PBXFileReference section */
		D9C8B9F91F9E7DD700B8FB98 /* MP3.app */ = {isa = PBXFileReference; explicitFileType = wrapper.application; includeInIndex = 0; path = MP3.app; sourceTree = BUILT_PRODUCTS_DIR; };
		D9C8B9FC1F9E7DD700B8FB98 /* AppDelegate.swift */ = {isa = PBXFileReference; lastKnownFileType = sourcecode.swift; path = AppDelegate.swift; sourceTree = "<group>"; };
		D9C8B9FE1F9E7DD700B8FB98 /* ViewController.swift */ = {isa = PBXFileReference; lastKnownFileType = sourcecode.swift; path = ViewController.swift; sourceTree = "<group>"; };
		D9C8BA011F9E7DD700B8FB98 /* Base */ = {isa = PBXFileReference; lastKnownFileType = file.storyboard; name = Base; path = Base.lproj/Main.storyboard; sourceTree = "<group>"; };
		D9C8BA031F9E7DD700B8FB98 /* Assets.xcassets */ = {isa = PBXFileReference; lastKnownFileType = folder.assetcatalog; path = Assets.xcassets; sourceTree = "<group>"; };
		D9C8BA061F9E7DD700B8FB98 /* Base */ = {isa = PBXFileReference; lastKnownFileType = file.storyboard; name = Base; path = Base.lproj/LaunchScreen.storyboard; sourceTree = "<group>"; };
		D9C8BA081F9E7DD700B8FB98 /* Info.plist */ = {isa = PBXFileReference; lastKnownFileType = text.plist.xml; path = Info.plist; sourceTree = "<group>"; };
		D9C8BA0F1F9E8C8B00B8FB98 /* bg.png */ = {isa = PBXFileReference; lastKnownFileType = image.png; path = bg.png; sourceTree = "<group>"; };
		D9C8BA101F9E8C8B00B8FB98 /* foxlogo.png */ = {isa = PBXFileReference; lastKnownFileType = image.png; path = foxlogo.png; sourceTree = "<group>"; };
		D9C8BA121F9E8C8B00B8FB98 /* arya.jpg */ = {isa = PBXFileReference; lastKnownFileType = image.jpeg; path = arya.jpg; sourceTree = "<group>"; };
		D9C8BA131F9E8C8B00B8FB98 /* bran.jpg */ = {isa = PBXFileReference; lastKnownFileType = image.jpeg; path = bran.jpg; sourceTree = "<group>"; };
		D9C8BA141F9E8C8B00B8FB98 /* cersei.jpg */ = {isa = PBXFileReference; lastKnownFileType = image.jpeg; path = cersei.jpg; sourceTree = "<group>"; };
		D9C8BA151F9E8C8B00B8FB98 /* daenerys.jpg */ = {isa = PBXFileReference; lastKnownFileType = image.jpeg; path = daenerys.jpg; sourceTree = "<group>"; };
		D9C8BA161F9E8C8B00B8FB98 /* jaime.jpg */ = {isa = PBXFileReference; lastKnownFileType = image.jpeg; path = jaime.jpg; sourceTree = "<group>"; };
		D9C8BA171F9E8C8B00B8FB98 /* jon.jpg */ = {isa = PBXFileReference; lastKnownFileType = image.jpeg; path = jon.jpg; sourceTree = "<group>"; };
		D9C8BA181F9E8C8B00B8FB98 /* petyr.jpg */ = {isa = PBXFileReference; lastKnownFileType = image.jpeg; path = petyr.jpg; sourceTree = "<group>"; };
		D9C8BA191F9E8C8B00B8FB98 /* sansa.jpg */ = {isa = PBXFileReference; lastKnownFileType = image.jpeg; path = sansa.jpg; sourceTree = "<group>"; };
		D9C8BA1A1F9E8C8B00B8FB98 /* tyrion.jpg */ = {isa = PBXFileReference; lastKnownFileType = image.jpeg; path = tyrion.jpg; sourceTree = "<group>"; };
		D9C8BA1B1F9E8C8B00B8FB98 /* gotbg.jpg */ = {isa = PBXFileReference; lastKnownFileType = image.jpeg; path = gotbg.jpg; sourceTree = "<group>"; };
		D9C8BA1C1F9E8C8B00B8FB98 /* hbologo.png */ = {isa = PBXFileReference; lastKnownFileType = image.png; path = hbologo.png; sourceTree = "<group>"; };
		D9C8BA1E1F9E8C8B00B8FB98 /* abraham.jpg */ = {isa = PBXFileReference; lastKnownFileType = image.jpeg; path = abraham.jpg; sourceTree = "<group>"; };
		D9C8BA1F1F9E8C8B00B8FB98 /* carl.jpg */ = {isa = PBXFileReference; lastKnownFileType = image.jpeg; path = carl.jpg; sourceTree = "<group>"; };
		D9C8BA201F9E8C8B00B8FB98 /* carol.jpg */ = {isa = PBXFileReference; lastKnownFileType = image.jpeg; path = carol.jpg; sourceTree = "<group>"; };
		D9C8BA211F9E8C8B00B8FB98 /* daryl.jpg */ = {isa = PBXFileReference; lastKnownFileType = image.jpeg; path = daryl.jpg; sourceTree = "<group>"; };
		D9C8BA221F9E8C8B00B8FB98 /* glenn.jpg */ = {isa = PBXFileReference; lastKnownFileType = image.jpeg; path = glenn.jpg; sourceTree = "<group>"; };
		D9C8BA231F9E8C8B00B8FB98 /* maggie.jpg */ = {isa = PBXFileReference; lastKnownFileType = image.jpeg; path = maggie.jpg; sourceTree = "<group>"; };
		D9C8BA241F9E8C8B00B8FB98 /* negan.jpg */ = {isa = PBXFileReference; lastKnownFileType = image.jpeg; path = negan.jpg; sourceTree = "<group>"; };
		D9C8BA251F9E8C8B00B8FB98 /* rick.jpg */ = {isa = PBXFileReference; lastKnownFileType = image.jpeg; path = rick.jpg; sourceTree = "<group>"; };
		D9C8BA261F9E8C8B00B8FB98 /* sasha.jpg */ = {isa = PBXFileReference; lastKnownFileType = image.jpeg; path = sasha.jpg; sourceTree = "<group>"; };
		D9C8BA3D1F9E905400B8FB98 /* twdbg.jpg */ = {isa = PBXFileReference; lastKnownFileType = image.jpeg; path = twdbg.jpg; sourceTree = "<group>"; };
		D9C8BA401F9EA3A300B8FB98 /* ari.jpg */ = {isa = PBXFileReference; lastKnownFileType = image.jpeg; path = ari.jpg; sourceTree = "<group>"; };
		D9C8BA411F9EA3A300B8FB98 /* eric.jpg */ = {isa = PBXFileReference; lastKnownFileType = image.jpeg; path = eric.jpg; sourceTree = "<group>"; };
		D9C8BA421F9EA3A300B8FB98 /* johnny.jpg */ = {isa = PBXFileReference; lastKnownFileType = image.jpeg; path = johnny.jpg; sourceTree = "<group>"; };
		D9C8BA431F9EA3A300B8FB98 /* turtle.jpg */ = {isa = PBXFileReference; lastKnownFileType = image.jpeg; path = turtle.jpg; sourceTree = "<group>"; };
		D9C8BA441F9EA3A300B8FB98 /* vincent.jpg */ = {isa = PBXFileReference; lastKnownFileType = image.jpeg; path = vincent.jpg; sourceTree = "<group>"; };
		D9C8BA4A1F9EA3BA00B8FB98 /* entouragebg.jpg */ = {isa = PBXFileReference; lastKnownFileType = image.jpeg; path = entouragebg.jpg; sourceTree = "<group>"; };
/* End PBXFileReference section */

/* Begin PBXFrameworksBuildPhase section */
		D9C8B9F61F9E7DD700B8FB98 /* Frameworks */ = {
			isa = PBXFrameworksBuildPhase;
			buildActionMask = 2147483647;
			files = (
			);
			runOnlyForDeploymentPostprocessing = 0;
		};
/* End PBXFrameworksBuildPhase section */

/* Begin PBXGroup section */
		D9C8B9F01F9E7DD600B8FB98 = {
			isa = PBXGroup;
			children = (
				D9C8B9FB1F9E7DD700B8FB98 /* MP3 */,
				D9C8B9FA1F9E7DD700B8FB98 /* Products */,
			);
			sourceTree = "<group>";
		};
		D9C8B9FA1F9E7DD700B8FB98 /* Products */ = {
			isa = PBXGroup;
			children = (
				D9C8B9F91F9E7DD700B8FB98 /* MP3.app */,
			);
			name = Products;
			sourceTree = "<group>";
		};
		D9C8B9FB1F9E7DD700B8FB98 /* MP3 */ = {
			isa = PBXGroup;
			children = (
				D9C8BA0E1F9E8C8B00B8FB98 /* Pictures */,
				D9C8B9FC1F9E7DD700B8FB98 /* AppDelegate.swift */,
				D9C8B9FE1F9E7DD700B8FB98 /* ViewController.swift */,
				D9C8BA001F9E7DD700B8FB98 /* Main.storyboard */,
				D9C8BA031F9E7DD700B8FB98 /* Assets.xcassets */,
				D9C8BA051F9E7DD700B8FB98 /* LaunchScreen.storyboard */,
				D9C8BA081F9E7DD700B8FB98 /* Info.plist */,
			);
			path = MP3;
			sourceTree = "<group>";
		};
		D9C8BA0E1F9E8C8B00B8FB98 /* Pictures */ = {
			isa = PBXGroup;
			children = (
				D9C8BA4A1F9EA3BA00B8FB98 /* entouragebg.jpg */,
				D9C8BA3F1F9EA3A300B8FB98 /* entourage */,
				D9C8BA3D1F9E905400B8FB98 /* twdbg.jpg */,
				D9C8BA0F1F9E8C8B00B8FB98 /* bg.png */,
				D9C8BA101F9E8C8B00B8FB98 /* foxlogo.png */,
				D9C8BA111F9E8C8B00B8FB98 /* got */,
				D9C8BA1B1F9E8C8B00B8FB98 /* gotbg.jpg */,
				D9C8BA1C1F9E8C8B00B8FB98 /* hbologo.png */,
				D9C8BA1D1F9E8C8B00B8FB98 /* twd */,
			);
			path = Pictures;
			sourceTree = "<group>";
		};
		D9C8BA111F9E8C8B00B8FB98 /* got */ = {
			isa = PBXGroup;
			children = (
				D9C8BA121F9E8C8B00B8FB98 /* arya.jpg */,
				D9C8BA131F9E8C8B00B8FB98 /* bran.jpg */,
				D9C8BA141F9E8C8B00B8FB98 /* cersei.jpg */,
				D9C8BA151F9E8C8B00B8FB98 /* daenerys.jpg */,
				D9C8BA161F9E8C8B00B8FB98 /* jaime.jpg */,
				D9C8BA171F9E8C8B00B8FB98 /* jon.jpg */,
				D9C8BA181F9E8C8B00B8FB98 /* petyr.jpg */,
				D9C8BA191F9E8C8B00B8FB98 /* sansa.jpg */,
				D9C8BA1A1F9E8C8B00B8FB98 /* tyrion.jpg */,
			);
			path = got;
			sourceTree = "<group>";
		};
		D9C8BA1D1F9E8C8B00B8FB98 /* twd */ = {
			isa = PBXGroup;
			children = (
				D9C8BA1E1F9E8C8B00B8FB98 /* abraham.jpg */,
				D9C8BA1F1F9E8C8B00B8FB98 /* carl.jpg */,
				D9C8BA201F9E8C8B00B8FB98 /* carol.jpg */,
				D9C8BA211F9E8C8B00B8FB98 /* daryl.jpg */,
				D9C8BA221F9E8C8B00B8FB98 /* glenn.jpg */,
				D9C8BA231F9E8C8B00B8FB98 /* maggie.jpg */,
				D9C8BA241F9E8C8B00B8FB98 /* negan.jpg */,
				D9C8BA251F9E8C8B00B8FB98 /* rick.jpg */,
				D9C8BA261F9E8C8B00B8FB98 /* sasha.jpg */,
			);
			path = twd;
			sourceTree = "<group>";
		};
		D9C8BA3F1F9EA3A300B8FB98 /* entourage */ = {
			isa = PBXGroup;
			children = (
				D9C8BA401F9EA3A300B8FB98 /* ari.jpg */,
				D9C8BA411F9EA3A300B8FB98 /* eric.jpg */,
				D9C8BA421F9EA3A300B8FB98 /* johnny.jpg */,
				D9C8BA431F9EA3A300B8FB98 /* turtle.jpg */,
				D9C8BA441F9EA3A300B8FB98 /* vincent.jpg */,
			);
			path = entourage;
			sourceTree = "<group>";
		};
/* End PBXGroup section */

/* Begin PBXNativeTarget section */
		D9C8B9F81F9E7DD700B8FB98 /* MP3 */ = {
			isa = PBXNativeTarget;
			buildConfigurationList = D9C8BA0B1F9E7DD700B8FB98 /* Build configuration list for PBXNativeTarget "MP3" */;
			buildPhases = (
				D9C8B9F51F9E7DD700B8FB98 /* Sources */,
				D9C8B9F61F9E7DD700B8FB98 /* Frameworks */,
				D9C8B9F71F9E7DD700B8FB98 /* Resources */,
			);
			buildRules = (
			);
			dependencies = (
			);
			name = MP3;
			productName = MP3;
			productReference = D9C8B9F91F9E7DD700B8FB98 /* MP3.app */;
			productType = "com.apple.product-type.application";
		};
/* End PBXNativeTarget section */

/* Begin PBXProject section */
		D9C8B9F11F9E7DD700B8FB98 /* Project object */ = {
			isa = PBXProject;
			attributes = {
				LastSwiftUpdateCheck = 0830;
				LastUpgradeCheck = 0830;
				ORGANIZATIONNAME = "FEU Tech";
				TargetAttributes = {
					D9C8B9F81F9E7DD700B8FB98 = {
						CreatedOnToolsVersion = 8.3.3;
						DevelopmentTeam = HWW3JX37AH;
						ProvisioningStyle = Automatic;
					};
				};
			};
			buildConfigurationList = D9C8B9F41F9E7DD700B8FB98 /* Build configuration list for PBXProject "MP3" */;
			compatibilityVersion = "Xcode 3.2";
			developmentRegion = English;
			hasScannedForEncodings = 0;
			knownRegions = (
				en,
				Base,
			);
			mainGroup = D9C8B9F01F9E7DD600B8FB98;
			productRefGroup = D9C8B9FA1F9E7DD700B8FB98 /* Products */;
			projectDirPath = "";
			projectRoot = "";
			targets = (
				D9C8B9F81F9E7DD700B8FB98 /* MP3 */,
			);
		};
/* End PBXProject section */

/* Begin PBXResourcesBuildPhase section */
		D9C8B9F71F9E7DD700B8FB98 /* Resources */ = {
			isa = PBXResourcesBuildPhase;
			buildActionMask = 2147483647;
			files = (
				D9C8BA3A1F9E8C8B00B8FB98 /* negan.jpg in Resources */,
				D9C8BA481F9EA3A300B8FB98 /* turtle.jpg in Resources */,
				D9C8BA071F9E7DD700B8FB98 /* LaunchScreen.storyboard in Resources */,
				D9C8BA461F9EA3A300B8FB98 /* eric.jpg in Resources */,
				D9C8BA041F9E7DD700B8FB98 /* Assets.xcassets in Resources */,
				D9C8BA271F9E8C8B00B8FB98 /* bg.png in Resources */,
				D9C8BA2A1F9E8C8B00B8FB98 /* bran.jpg in Resources */,
				D9C8BA2B1F9E8C8B00B8FB98 /* cersei.jpg in Resources */,
				D9C8BA281F9E8C8B00B8FB98 /* foxlogo.png in Resources */,
				D9C8BA491F9EA3A300B8FB98 /* vincent.jpg in Resources */,
				D9C8BA381F9E8C8B00B8FB98 /* glenn.jpg in Resources */,
				D9C8BA321F9E8C8B00B8FB98 /* gotbg.jpg in Resources */,
				D9C8BA2E1F9E8C8B00B8FB98 /* jon.jpg in Resources */,
				D9C8BA361F9E8C8B00B8FB98 /* carol.jpg in Resources */,
				D9C8BA341F9E8C8B00B8FB98 /* abraham.jpg in Resources */,
				D9C8BA451F9EA3A300B8FB98 /* ari.jpg in Resources */,
				D9C8BA331F9E8C8B00B8FB98 /* hbologo.png in Resources */,
				D9C8BA4B1F9EA3BA00B8FB98 /* entouragebg.jpg in Resources */,
				D9C8BA2D1F9E8C8B00B8FB98 /* jaime.jpg in Resources */,
				D9C8BA311F9E8C8B00B8FB98 /* tyrion.jpg in Resources */,
				D9C8BA2F1F9E8C8B00B8FB98 /* petyr.jpg in Resources */,
				D9C8BA3B1F9E8C8B00B8FB98 /* rick.jpg in Resources */,
				D9C8BA351F9E8C8B00B8FB98 /* carl.jpg in Resources */,
				D9C8BA291F9E8C8B00B8FB98 /* arya.jpg in Resources */,
				D9C8BA371F9E8C8B00B8FB98 /* daryl.jpg in Resources */,
				D9C8BA2C1F9E8C8B00B8FB98 /* daenerys.jpg in Resources */,
				D9C8BA3C1F9E8C8B00B8FB98 /* sasha.jpg in Resources */,
				D9C8BA471F9EA3A300B8FB98 /* johnny.jpg in Resources */,
				D9C8BA3E1F9E905400B8FB98 /* twdbg.jpg in Resources */,
				D9C8BA391F9E8C8B00B8FB98 /* maggie.jpg in Resources */,
				D9C8BA301F9E8C8B00B8FB98 /* sansa.jpg in Resources */,
				D9C8BA021F9E7DD700B8FB98 /* Main.storyboard in Resources */,
			);
			runOnlyForDeploymentPostprocessing = 0;
		};
/* End PBXResourcesBuildPhase section */

/* Begin PBXSourcesBuildPhase section */
		D9C8B9F51F9E7DD700B8FB98 /* Sources */ = {
			isa = PBXSourcesBuildPhase;
			buildActionMask = 2147483647;
			files = (
				D9C8B9FF1F9E7DD700B8FB98 /* ViewController.swift in Sources */,
				D9C8B9FD1F9E7DD700B8FB98 /* AppDelegate.swift in Sources */,
			);
			runOnlyForDeploymentPostprocessing = 0;
		};
/* End PBXSourcesBuildPhase section */

/* Begin PBXVariantGroup section */
		D9C8BA001F9E7DD700B8FB98 /* Main.storyboard */ = {
			isa = PBXVariantGroup;
			children = (
				D9C8BA011F9E7DD700B8FB98 /* Base */,
			);
			name = Main.storyboard;
			sourceTree = "<group>";
		};
		D9C8BA051F9E7DD700B8FB98 /* LaunchScreen.storyboard */ = {
			isa = PBXVariantGroup;
			children = (
				D9C8BA061F9E7DD700B8FB98 /* Base */,
			);
			name = LaunchScreen.storyboard;
			sourceTree = "<group>";
		};
/* End PBXVariantGroup section */

/* Begin XCBuildConfiguration section */
		D9C8BA091F9E7DD700B8FB98 /* Debug */ = {
			isa = XCBuildConfiguration;
			buildSettings = {
				ALWAYS_SEARCH_USER_PATHS = NO;
				CLANG_ANALYZER_NONNULL = YES;
				CLANG_ANALYZER_NUMBER_OBJECT_CONVERSION = YES_AGGRESSIVE;
				CLANG_CXX_LANGUAGE_STANDARD = "gnu++0x";
				CLANG_CXX_LIBRARY = "libc++";
				CLANG_ENABLE_MODULES = YES;
				CLANG_ENABLE_OBJC_ARC = YES;
				CLANG_WARN_BOOL_CONVERSION = YES;
				CLANG_WARN_CONSTANT_CONVERSION = YES;
				CLANG_WARN_DIRECT_OBJC_ISA_USAGE = YES_ERROR;
				CLANG_WARN_DOCUMENTATION_COMMENTS = YES;
				CLANG_WARN_EMPTY_BODY = YES;
				CLANG_WARN_ENUM_CONVERSION = YES;
				CLANG_WARN_INFINITE_RECURSION = YES;
				CLANG_WARN_INT_CONVERSION = YES;
				CLANG_WARN_OBJC_ROOT_CLASS = YES_ERROR;
				CLANG_WARN_SUSPICIOUS_MOVE = YES;
				CLANG_WARN_UNREACHABLE_CODE = YES;
				CLANG_WARN__DUPLICATE_METHOD_MATCH = YES;
				"CODE_SIGN_IDENTITY[sdk=iphoneos*]" = "iPhone Developer";
				COPY_PHASE_STRIP = NO;
				DEBUG_INFORMATION_FORMAT = dwarf;
				ENABLE_STRICT_OBJC_MSGSEND = YES;
				ENABLE_TESTABILITY = YES;
				GCC_C_LANGUAGE_STANDARD = gnu99;
				GCC_DYNAMIC_NO_PIC = NO;
				GCC_NO_COMMON_BLOCKS = YES;
				GCC_OPTIMIZATION_LEVEL = 0;
				GCC_PREPROCESSOR_DEFINITIONS = (
					"DEBUG=1",
					"$(inherited)",
				);
				GCC_WARN_64_TO_32_BIT_CONVERSION = YES;
				GCC_WARN_ABOUT_RETURN_TYPE = YES_ERROR;
				GCC_WARN_UNDECLARED_SELECTOR = YES;
				GCC_WARN_UNINITIALIZED_AUTOS = YES_AGGRESSIVE;
				GCC_WARN_UNUSED_FUNCTION = YES;
				GCC_WARN_UNUSED_VARIABLE = YES;
				IPHONEOS_DEPLOYMENT_TARGET = 10.3;
				MTL_ENABLE_DEBUG_INFO = YES;
				ONLY_ACTIVE_ARCH = YES;
				SDKROOT = iphoneos;
				SWIFT_ACTIVE_COMPILATION_CONDITIONS = DEBUG;
				SWIFT_OPTIMIZATION_LEVEL = "-Onone";
				TARGETED_DEVICE_FAMILY = "1,2";
			};
			name = Debug;
		};
		D9C8BA0A1F9E7DD700B8FB98 /* Release */ = {
			isa = XCBuildConfiguration;
			buildSettings = {
				ALWAYS_SEARCH_USER_PATHS = NO;
				CLANG_ANALYZER_NONNULL = YES;
				CLANG_ANALYZER_NUMBER_OBJECT_CONVERSION = YES_AGGRESSIVE;
				CLANG_CXX_LANGUAGE_STANDARD = "gnu++0x";
				CLANG_CXX_LIBRARY = "libc++";
				CLANG_ENABLE_MODULES = YES;
				CLANG_ENABLE_OBJC_ARC = YES;
				CLANG_WARN_BOOL_CONVERSION = YES;
				CLANG_WARN_CONSTANT_CONVERSION = YES;
				CLANG_WARN_DIRECT_OBJC_ISA_USAGE = YES_ERROR;
				CLANG_WARN_DOCUMENTATION_COMMENTS = YES;
				CLANG_WARN_EMPTY_BODY = YES;
				CLANG_WARN_ENUM_CONVERSION = YES;
				CLANG_WARN_INFINITE_RECURSION = YES;
				CLANG_WARN_INT_CONVERSION = YES;
				CLANG_WARN_OBJC_ROOT_CLASS = YES_ERROR;
				CLANG_WARN_SUSPICIOUS_MOVE = YES;
				CLANG_WARN_UNREACHABLE_CODE = YES;
				CLANG_WARN__DUPLICATE_METHOD_MATCH = YES;
				"CODE_SIGN_IDENTITY[sdk=iphoneos*]" = "iPhone Developer";
				COPY_PHASE_STRIP = NO;
				DEBUG_INFORMATION_FORMAT = "dwarf-with-dsym";
				ENABLE_NS_ASSERTIONS = NO;
				ENABLE_STRICT_OBJC_MSGSEND = YES;
				GCC_C_LANGUAGE_STANDARD = gnu99;
				GCC_NO_COMMON_BLOCKS = YES;
				GCC_WARN_64_TO_32_BIT_CONVERSION = YES;
				GCC_WARN_ABOUT_RETURN_TYPE = YES_ERROR;
				GCC_WARN_UNDECLARED_SELECTOR = YES;
				GCC_WARN_UNINITIALIZED_AUTOS = YES_AGGRESSIVE;
				GCC_WARN_UNUSED_FUNCTION = YES;
				GCC_WARN_UNUSED_VARIABLE = YES;
				IPHONEOS_DEPLOYMENT_TARGET = 10.3;
				MTL_ENABLE_DEBUG_INFO = NO;
				SDKROOT = iphoneos;
				SWIFT_OPTIMIZATION_LEVEL = "-Owholemodule";
				TARGETED_DEVICE_FAMILY = "1,2";
				VALIDATE_PRODUCT = YES;
			};
			name = Release;
		};
		D9C8BA0C1F9E7DD700B8FB98 /* Debug */ = {
			isa = XCBuildConfiguration;
			buildSettings = {
				ASSETCATALOG_COMPILER_APPICON_NAME = AppIcon;
				DEVELOPMENT_TEAM = HWW3JX37AH;
				INFOPLIST_FILE = MP3/Info.plist;
				IPHONEOS_DEPLOYMENT_TARGET = 9.3;
				LD_RUNPATH_SEARCH_PATHS = "$(inherited) @executable_path/Frameworks";
				PRODUCT_BUNDLE_IDENTIFIER = com.feutech.MP3;
				PRODUCT_NAME = "$(TARGET_NAME)";
				SWIFT_VERSION = 3.0;
			};
			name = Debug;
		};
		D9C8BA0D1F9E7DD700B8FB98 /* Release */ = {
			isa = XCBuildConfiguration;
			buildSettings = {
				ASSETCATALOG_COMPILER_APPICON_NAME = AppIcon;
				DEVELOPMENT_TEAM = HWW3JX37AH;
				INFOPLIST_FILE = MP3/Info.plist;
				IPHONEOS_DEPLOYMENT_TARGET = 9.3;
				LD_RUNPATH_SEARCH_PATHS = "$(inherited) @executable_path/Frameworks";
				PRODUCT_BUNDLE_IDENTIFIER = com.feutech.MP3;
				PRODUCT_NAME = "$(TARGET_NAME)";
				SWIFT_VERSION = 3.0;
			};
			name = Release;
		};
/* End XCBuildConfiguration section */

/* Begin XCConfigurationList section */
		D9C8B9F41F9E7DD700B8FB98 /* Build configuration list for PBXProject "MP3" */ = {
			isa = XCConfigurationList;
			buildConfigurations = (
				D9C8BA091F9E7DD700B8FB98 /* Debug */,
				D9C8BA0A1F9E7DD700B8FB98 /* Release */,
			);
			defaultConfigurationIsVisible = 0;
			defaultConfigurationName = Release;
		};
		D9C8BA0B1F9E7DD700B8FB98 /* Build configuration list for PBXNativeTarget "MP3" */ = {
			isa = XCConfigurationList;
			buildConfigurations = (
				D9C8BA0C1F9E7DD700B8FB98 /* Debug */,
				D9C8BA0D1F9E7DD700B8FB98 /* Release */,
			);
			defaultConfigurationIsVisible = 0;
			defaultConfigurationName = Release;
		};
/* End XCConfigurationList section */
	};
	rootObject = D9C8B9F11F9E7DD700B8FB98 /* Project object */;
}
