// !$*UTF8*$!
{
	archiveVersion = 1;
	classes = {
	};
	objectVersion = 46;
	objects = {

/* Begin PBXBuildFile section */
		2E505F8C1FB19DB6000653DC /* AppDelegate.swift in Sources */ = {isa = PBXBuildFile; fileRef = 2E505F8B1FB19DB6000653DC /* AppDelegate.swift */; };
		2E505F8E1FB19DB6000653DC /* ViewController.swift in Sources */ = {isa = PBXBuildFile; fileRef = 2E505F8D1FB19DB6000653DC /* ViewController.swift */; };
		2E505F911FB19DB6000653DC /* Main.storyboard in Resources */ = {isa = PBXBuildFile; fileRef = 2E505F8F1FB19DB6000653DC /* Main.storyboard */; };
		2E505F931FB19DB6000653DC /* Assets.xcassets in Resources */ = {isa = PBXBuildFile; fileRef = 2E505F921FB19DB6000653DC /* Assets.xcassets */; };
		2E505F961FB19DB6000653DC /* LaunchScreen.storyboard in Resources */ = {isa = PBXBuildFile; fileRef = 2E505F941FB19DB6000653DC /* LaunchScreen.storyboard */; };
/* End PBXBuildFile section */

/* Begin PBXFileReference section */
		2E505F881FB19DB6000653DC /* W31DPThree.app */ = {isa = PBXFileReference; explicitFileType = wrapper.application; includeInIndex = 0; path = W31DPThree.app; sourceTree = BUILT_PRODUCTS_DIR; };
		2E505F8B1FB19DB6000653DC /* AppDelegate.swift */ = {isa = PBXFileReference; lastKnownFileType = sourcecode.swift; path = AppDelegate.swift; sourceTree = "<group>"; };
		2E505F8D1FB19DB6000653DC /* ViewController.swift */ = {isa = PBXFileReference; lastKnownFileType = sourcecode.swift; path = ViewController.swift; sourceTree = "<group>"; };
		2E505F901FB19DB6000653DC /* Base */ = {isa = PBXFileReference; lastKnownFileType = file.storyboard; name = Base; path = Base.lproj/Main.storyboard; sourceTree = "<group>"; };
		2E505F921FB19DB6000653DC /* Assets.xcassets */ = {isa = PBXFileReference; lastKnownFileType = folder.assetcatalog; path = Assets.xcassets; sourceTree = "<group>"; };
		2E505F951FB19DB6000653DC /* Base */ = {isa = PBXFileReference; lastKnownFileType = file.storyboard; name = Base; path = Base.lproj/LaunchScreen.storyboard; sourceTree = "<group>"; };
		2E505F971FB19DB6000653DC /* Info.plist */ = {isa = PBXFileReference; lastKnownFileType = text.plist.xml; path = Info.plist; sourceTree = "<group>"; };
/* End PBXFileReference section */

/* Begin PBXFrameworksBuildPhase section */
		2E505F851FB19DB6000653DC /* Frameworks */ = {
			isa = PBXFrameworksBuildPhase;
			buildActionMask = 2147483647;
			files = (
			);
			runOnlyForDeploymentPostprocessing = 0;
		};
/* End PBXFrameworksBuildPhase section */

/* Begin PBXGroup section */
		2E505F7F1FB19DB6000653DC = {
			isa = PBXGroup;
			children = (
				2E505F8A1FB19DB6000653DC /* W31DPThree */,
				2E505F891FB19DB6000653DC /* Products */,
			);
			sourceTree = "<group>";
		};
		2E505F891FB19DB6000653DC /* Products */ = {
			isa = PBXGroup;
			children = (
				2E505F881FB19DB6000653DC /* W31DPThree.app */,
			);
			name = Products;
			sourceTree = "<group>";
		};
		2E505F8A1FB19DB6000653DC /* W31DPThree */ = {
			isa = PBXGroup;
			children = (
				2E505F8B1FB19DB6000653DC /* AppDelegate.swift */,
				2E505F8D1FB19DB6000653DC /* ViewController.swift */,
				2E505F8F1FB19DB6000653DC /* Main.storyboard */,
				2E505F921FB19DB6000653DC /* Assets.xcassets */,
				2E505F941FB19DB6000653DC /* LaunchScreen.storyboard */,
				2E505F971FB19DB6000653DC /* Info.plist */,
			);
			path = W31DPThree;
			sourceTree = "<group>";
		};
/* End PBXGroup section */

/* Begin PBXNativeTarget section */
		2E505F871FB19DB6000653DC /* W31DPThree */ = {
			isa = PBXNativeTarget;
			buildConfigurationList = 2E505F9A1FB19DB6000653DC /* Build configuration list for PBXNativeTarget "W31DPThree" */;
			buildPhases = (
				2E505F841FB19DB6000653DC /* Sources */,
				2E505F851FB19DB6000653DC /* Frameworks */,
				2E505F861FB19DB6000653DC /* Resources */,
			);
			buildRules = (
			);
			dependencies = (
			);
			name = W31DPThree;
			productName = W31DPThree;
			productReference = 2E505F881FB19DB6000653DC /* W31DPThree.app */;
			productType = "com.apple.product-type.application";
		};
/* End PBXNativeTarget section */

/* Begin PBXProject section */
		2E505F801FB19DB6000653DC /* Project object */ = {
			isa = PBXProject;
			attributes = {
				LastSwiftUpdateCheck = 0820;
				LastUpgradeCheck = 0820;
				ORGANIZATIONNAME = "Roman De Angel";
				TargetAttributes = {
					2E505F871FB19DB6000653DC = {
						CreatedOnToolsVersion = 8.2.1;
						ProvisioningStyle = Automatic;
					};
				};
			};
			buildConfigurationList = 2E505F831FB19DB6000653DC /* Build configuration list for PBXProject "W31DPThree" */;
			compatibilityVersion = "Xcode 3.2";
			developmentRegion = English;
			hasScannedForEncodings = 0;
			knownRegions = (
				en,
				Base,
			);
			mainGroup = 2E505F7F1FB19DB6000653DC;
			productRefGroup = 2E505F891FB19DB6000653DC /* Products */;
			projectDirPath = "";
			projectRoot = "";
			targets = (
				2E505F871FB19DB6000653DC /* W31DPThree */,
			);
		};
/* End PBXProject section */

/* Begin PBXResourcesBuildPhase section */
		2E505F861FB19DB6000653DC /* Resources */ = {
			isa = PBXResourcesBuildPhase;
			buildActionMask = 2147483647;
			files = (
				2E505F961FB19DB6000653DC /* LaunchScreen.storyboard in Resources */,
				2E505F931FB19DB6000653DC /* Assets.xcassets in Resources */,
				2E505F911FB19DB6000653DC /* Main.storyboard in Resources */,
			);
			runOnlyForDeploymentPostprocessing = 0;
		};
/* End PBXResourcesBuildPhase section */

/* Begin PBXSourcesBuildPhase section */
		2E505F841FB19DB6000653DC /* Sources */ = {
			isa = PBXSourcesBuildPhase;
			buildActionMask = 2147483647;
			files = (
				2E505F8E1FB19DB6000653DC /* ViewController.swift in Sources */,
				2E505F8C1FB19DB6000653DC /* AppDelegate.swift in Sources */,
			);
			runOnlyForDeploymentPostprocessing = 0;
		};
/* End PBXSourcesBuildPhase section */

/* Begin PBXVariantGroup section */
		2E505F8F1FB19DB6000653DC /* Main.storyboard */ = {
			isa = PBXVariantGroup;
			children = (
				2E505F901FB19DB6000653DC /* Base */,
			);
			name = Main.storyboard;
			sourceTree = "<group>";
		};
		2E505F941FB19DB6000653DC /* LaunchScreen.storyboard */ = {
			isa = PBXVariantGroup;
			children = (
				2E505F951FB19DB6000653DC /* Base */,
			);
			name = LaunchScreen.storyboard;
			sourceTree = "<group>";
		};
/* End PBXVariantGroup section */

/* Begin XCBuildConfiguration section */
		2E505F981FB19DB6000653DC /* Debug */ = {
			isa = XCBuildConfiguration;
			buildSettings = {
				ALWAYS_SEARCH_USER_PATHS = NO;
				CLANG_ANALYZER_NONNULL = YES;
				CLANG_CXX_LANGUAGE_STANDARD = "gnu++0x";
				CLANG_CXX_LIBRARY = "libc++";
				CLANG_ENABLE_MODULES = YES;
				CLANG_ENABLE_OBJC_ARC = YES;
				CLANG_WARN_BOOL_CONVERSION = YES;
				CLANG_WARN_CONSTANT_CONVERSION = YES;
				CLANG_WARN_DIRECT_OBJC_ISA_USAGE = YES_ERROR;
				CLANG_WARN_DOCUMENTATION_COMMENTS = YES;
				CLANG_WARN_EMPTY_BODY = YES;
				CLANG_WARN_ENUM_CONVERSION = YES;
				CLANG_WARN_INFINITE_RECURSION = YES;
				CLANG_WARN_INT_CONVERSION = YES;
				CLANG_WARN_OBJC_ROOT_CLASS = YES_ERROR;
				CLANG_WARN_SUSPICIOUS_MOVE = YES;
				CLANG_WARN_UNREACHABLE_CODE = YES;
				CLANG_WARN__DUPLICATE_METHOD_MATCH = YES;
				"CODE_SIGN_IDENTITY[sdk=iphoneos*]" = "iPhone Developer";
				COPY_PHASE_STRIP = NO;
				DEBUG_INFORMATION_FORMAT = dwarf;
				ENABLE_STRICT_OBJC_MSGSEND = YES;
				ENABLE_TESTABILITY = YES;
				GCC_C_LANGUAGE_STANDARD = gnu99;
				GCC_DYNAMIC_NO_PIC = NO;
				GCC_NO_COMMON_BLOCKS = YES;
				GCC_OPTIMIZATION_LEVEL = 0;
				GCC_PREPROCESSOR_DEFINITIONS = (
					"DEBUG=1",
					"$(inherited)",
				);
				GCC_WARN_64_TO_32_BIT_CONVERSION = YES;
				GCC_WARN_ABOUT_RETURN_TYPE = YES_ERROR;
				GCC_WARN_UNDECLARED_SELECTOR = YES;
				GCC_WARN_UNINITIALIZED_AUTOS = YES_AGGRESSIVE;
				GCC_WARN_UNUSED_FUNCTION = YES;
				GCC_WARN_UNUSED_VARIABLE = YES;
				IPHONEOS_DEPLOYMENT_TARGET = 10.2;
				MTL_ENABLE_DEBUG_INFO = YES;
				ONLY_ACTIVE_ARCH = YES;
				SDKROOT = iphoneos;
				SWIFT_ACTIVE_COMPILATION_CONDITIONS = DEBUG;
				SWIFT_OPTIMIZATION_LEVEL = "-Onone";
				TARGETED_DEVICE_FAMILY = "1,2";
			};
			name = Debug;
		};
		2E505F991FB19DB6000653DC /* Release */ = {
			isa = XCBuildConfiguration;
			buildSettings = {
				ALWAYS_SEARCH_USER_PATHS = NO;
				CLANG_ANALYZER_NONNULL = YES;
				CLANG_CXX_LANGUAGE_STANDARD = "gnu++0x";
				CLANG_CXX_LIBRARY = "libc++";
				CLANG_ENABLE_MODULES = YES;
				CLANG_ENABLE_OBJC_ARC = YES;
				CLANG_WARN_BOOL_CONVERSION = YES;
				CLANG_WARN_CONSTANT_CONVERSION = YES;
				CLANG_WARN_DIRECT_OBJC_ISA_USAGE = YES_ERROR;
				CLANG_WARN_DOCUMENTATION_COMMENTS = YES;
				CLANG_WARN_EMPTY_BODY = YES;
				CLANG_WARN_ENUM_CONVERSION = YES;
				CLANG_WARN_INFINITE_RECURSION = YES;
				CLANG_WARN_INT_CONVERSION = YES;
				CLANG_WARN_OBJC_ROOT_CLASS = YES_ERROR;
				CLANG_WARN_SUSPICIOUS_MOVE = YES;
				CLANG_WARN_UNREACHABLE_CODE = YES;
				CLANG_WARN__DUPLICATE_METHOD_MATCH = YES;
				"CODE_SIGN_IDENTITY[sdk=iphoneos*]" = "iPhone Developer";
				COPY_PHASE_STRIP = NO;
				DEBUG_INFORMATION_FORMAT = "dwarf-with-dsym";
				ENABLE_NS_ASSERTIONS = NO;
				ENABLE_STRICT_OBJC_MSGSEND = YES;
				GCC_C_LANGUAGE_STANDARD = gnu99;
				GCC_NO_COMMON_BLOCKS = YES;
				GCC_WARN_64_TO_32_BIT_CONVERSION = YES;
				GCC_WARN_ABOUT_RETURN_TYPE = YES_ERROR;
				GCC_WARN_UNDECLARED_SELECTOR = YES;
				GCC_WARN_UNINITIALIZED_AUTOS = YES_AGGRESSIVE;
				GCC_WARN_UNUSED_FUNCTION = YES;
				GCC_WARN_UNUSED_VARIABLE = YES;
				IPHONEOS_DEPLOYMENT_TARGET = 10.2;
				MTL_ENABLE_DEBUG_INFO = NO;
				SDKROOT = iphoneos;
				SWIFT_OPTIMIZATION_LEVEL = "-Owholemodule";
				TARGETED_DEVICE_FAMILY = "1,2";
				VALIDATE_PRODUCT = YES;
			};
			name = Release;
		};
		2E505F9B1FB19DB6000653DC /* Debug */ = {
			isa = XCBuildConfiguration;
			buildSettings = {
				ASSETCATALOG_COMPILER_APPICON_NAME = AppIcon;
				INFOPLIST_FILE = W31DPThree/Info.plist;
				LD_RUNPATH_SEARCH_PATHS = "$(inherited) @executable_path/Frameworks";
				PRODUCT_BUNDLE_IDENTIFIER = com.fourteen.W31DPThree;
				PRODUCT_NAME = "$(TARGET_NAME)";
				SWIFT_VERSION = 3.0;
			};
			name = Debug;
		};
		2E505F9C1FB19DB6000653DC /* Release */ = {
			isa = XCBuildConfiguration;
			buildSettings = {
				ASSETCATALOG_COMPILER_APPICON_NAME = AppIcon;
				INFOPLIST_FILE = W31DPThree/Info.plist;
				LD_RUNPATH_SEARCH_PATHS = "$(inherited) @executable_path/Frameworks";
				PRODUCT_BUNDLE_IDENTIFIER = com.fourteen.W31DPThree;
				PRODUCT_NAME = "$(TARGET_NAME)";
				SWIFT_VERSION = 3.0;
			};
			name = Release;
		};
/* End XCBuildConfiguration section */

/* Begin XCConfigurationList section */
		2E505F831FB19DB6000653DC /* Build configuration list for PBXProject "W31DPThree" */ = {
			isa = XCConfigurationList;
			buildConfigurations = (
				2E505F981FB19DB6000653DC /* Debug */,
				2E505F991FB19DB6000653DC /* Release */,
			);
			defaultConfigurationIsVisible = 0;
			defaultConfigurationName = Release;
		};
		2E505F9A1FB19DB6000653DC /* Build configuration list for PBXNativeTarget "W31DPThree" */ = {
			isa = XCConfigurationList;
			buildConfigurations = (
				2E505F9B1FB19DB6000653DC /* Debug */,
				2E505F9C1FB19DB6000653DC /* Release */,
			);
			defaultConfigurationIsVisible = 0;
		};
/* End XCConfigurationList section */
	};
	rootObject = 2E505F801FB19DB6000653DC /* Project object */;
}
