// !$*UTF8*$!
{
	archiveVersion = 1;
	classes = {
	};
	objectVersion = 46;
	objects = {

/* Begin PBXBuildFile section */
		2E38F1651FA45C430056D683 /* AppDelegate.swift in Sources */ = {isa = PBXBuildFile; fileRef = 2E38F1641FA45C430056D683 /* AppDelegate.swift */; };
		2E38F1671FA45C430056D683 /* ViewController.swift in Sources */ = {isa = PBXBuildFile; fileRef = 2E38F1661FA45C430056D683 /* ViewController.swift */; };
		2E38F16A1FA45C430056D683 /* Main.storyboard in Resources */ = {isa = PBXBuildFile; fileRef = 2E38F1681FA45C430056D683 /* Main.storyboard */; };
		2E38F16C1FA45C430056D683 /* Assets.xcassets in Resources */ = {isa = PBXBuildFile; fileRef = 2E38F16B1FA45C430056D683 /* Assets.xcassets */; };
		2E38F16F1FA45C430056D683 /* LaunchScreen.storyboard in Resources */ = {isa = PBXBuildFile; fileRef = 2E38F16D1FA45C430056D683 /* LaunchScreen.storyboard */; };
		2E38F1771FA45D190056D683 /* SecondViewController.swift in Sources */ = {isa = PBXBuildFile; fileRef = 2E38F1761FA45D190056D683 /* SecondViewController.swift */; };
/* End PBXBuildFile section */

/* Begin PBXFileReference section */
		2E38F1611FA45C430056D683 /* SampleAppThree.app */ = {isa = PBXFileReference; explicitFileType = wrapper.application; includeInIndex = 0; path = SampleAppThree.app; sourceTree = BUILT_PRODUCTS_DIR; };
		2E38F1641FA45C430056D683 /* AppDelegate.swift */ = {isa = PBXFileReference; lastKnownFileType = sourcecode.swift; path = AppDelegate.swift; sourceTree = "<group>"; };
		2E38F1661FA45C430056D683 /* ViewController.swift */ = {isa = PBXFileReference; lastKnownFileType = sourcecode.swift; path = ViewController.swift; sourceTree = "<group>"; };
		2E38F1691FA45C430056D683 /* Base */ = {isa = PBXFileReference; lastKnownFileType = file.storyboard; name = Base; path = Base.lproj/Main.storyboard; sourceTree = "<group>"; };
		2E38F16B1FA45C430056D683 /* Assets.xcassets */ = {isa = PBXFileReference; lastKnownFileType = folder.assetcatalog; path = Assets.xcassets; sourceTree = "<group>"; };
		2E38F16E1FA45C430056D683 /* Base */ = {isa = PBXFileReference; lastKnownFileType = file.storyboard; name = Base; path = Base.lproj/LaunchScreen.storyboard; sourceTree = "<group>"; };
		2E38F1701FA45C430056D683 /* Info.plist */ = {isa = PBXFileReference; lastKnownFileType = text.plist.xml; path = Info.plist; sourceTree = "<group>"; };
		2E38F1761FA45D190056D683 /* SecondViewController.swift */ = {isa = PBXFileReference; fileEncoding = 4; lastKnownFileType = sourcecode.swift; path = SecondViewController.swift; sourceTree = "<group>"; };
/* End PBXFileReference section */

/* Begin PBXFrameworksBuildPhase section */
		2E38F15E1FA45C430056D683 /* Frameworks */ = {
			isa = PBXFrameworksBuildPhase;
			buildActionMask = 2147483647;
			files = (
			);
			runOnlyForDeploymentPostprocessing = 0;
		};
/* End PBXFrameworksBuildPhase section */

/* Begin PBXGroup section */
		2E38F1581FA45C430056D683 = {
			isa = PBXGroup;
			children = (
				2E38F1631FA45C430056D683 /* SampleAppThree */,
				2E38F1621FA45C430056D683 /* Products */,
			);
			sourceTree = "<group>";
		};
		2E38F1621FA45C430056D683 /* Products */ = {
			isa = PBXGroup;
			children = (
				2E38F1611FA45C430056D683 /* SampleAppThree.app */,
			);
			name = Products;
			sourceTree = "<group>";
		};
		2E38F1631FA45C430056D683 /* SampleAppThree */ = {
			isa = PBXGroup;
			children = (
				2E38F1641FA45C430056D683 /* AppDelegate.swift */,
				2E38F1661FA45C430056D683 /* ViewController.swift */,
				2E38F1681FA45C430056D683 /* Main.storyboard */,
				2E38F16B1FA45C430056D683 /* Assets.xcassets */,
				2E38F16D1FA45C430056D683 /* LaunchScreen.storyboard */,
				2E38F1701FA45C430056D683 /* Info.plist */,
				2E38F1761FA45D190056D683 /* SecondViewController.swift */,
			);
			path = SampleAppThree;
			sourceTree = "<group>";
		};
/* End PBXGroup section */

/* Begin PBXNativeTarget section */
		2E38F1601FA45C430056D683 /* SampleAppThree */ = {
			isa = PBXNativeTarget;
			buildConfigurationList = 2E38F1731FA45C430056D683 /* Build configuration list for PBXNativeTarget "SampleAppThree" */;
			buildPhases = (
				2E38F15D1FA45C430056D683 /* Sources */,
				2E38F15E1FA45C430056D683 /* Frameworks */,
				2E38F15F1FA45C430056D683 /* Resources */,
			);
			buildRules = (
			);
			dependencies = (
			);
			name = SampleAppThree;
			productName = SampleAppThree;
			productReference = 2E38F1611FA45C430056D683 /* SampleAppThree.app */;
			productType = "com.apple.product-type.application";
		};
/* End PBXNativeTarget section */

/* Begin PBXProject section */
		2E38F1591FA45C430056D683 /* Project object */ = {
			isa = PBXProject;
			attributes = {
				LastSwiftUpdateCheck = 0820;
				LastUpgradeCheck = 0820;
				ORGANIZATIONNAME = "Roman De Angel";
				TargetAttributes = {
					2E38F1601FA45C430056D683 = {
						CreatedOnToolsVersion = 8.2.1;
						ProvisioningStyle = Automatic;
					};
				};
			};
			buildConfigurationList = 2E38F15C1FA45C430056D683 /* Build configuration list for PBXProject "SampleAppThree" */;
			compatibilityVersion = "Xcode 3.2";
			developmentRegion = English;
			hasScannedForEncodings = 0;
			knownRegions = (
				en,
				Base,
			);
			mainGroup = 2E38F1581FA45C430056D683;
			productRefGroup = 2E38F1621FA45C430056D683 /* Products */;
			projectDirPath = "";
			projectRoot = "";
			targets = (
				2E38F1601FA45C430056D683 /* SampleAppThree */,
			);
		};
/* End PBXProject section */

/* Begin PBXResourcesBuildPhase section */
		2E38F15F1FA45C430056D683 /* Resources */ = {
			isa = PBXResourcesBuildPhase;
			buildActionMask = 2147483647;
			files = (
				2E38F16F1FA45C430056D683 /* LaunchScreen.storyboard in Resources */,
				2E38F16C1FA45C430056D683 /* Assets.xcassets in Resources */,
				2E38F16A1FA45C430056D683 /* Main.storyboard in Resources */,
			);
			runOnlyForDeploymentPostprocessing = 0;
		};
/* End PBXResourcesBuildPhase section */

/* Begin PBXSourcesBuildPhase section */
		2E38F15D1FA45C430056D683 /* Sources */ = {
			isa = PBXSourcesBuildPhase;
			buildActionMask = 2147483647;
			files = (
				2E38F1771FA45D190056D683 /* SecondViewController.swift in Sources */,
				2E38F1671FA45C430056D683 /* ViewController.swift in Sources */,
				2E38F1651FA45C430056D683 /* AppDelegate.swift in Sources */,
			);
			runOnlyForDeploymentPostprocessing = 0;
		};
/* End PBXSourcesBuildPhase section */

/* Begin PBXVariantGroup section */
		2E38F1681FA45C430056D683 /* Main.storyboard */ = {
			isa = PBXVariantGroup;
			children = (
				2E38F1691FA45C430056D683 /* Base */,
			);
			name = Main.storyboard;
			sourceTree = "<group>";
		};
		2E38F16D1FA45C430056D683 /* LaunchScreen.storyboard */ = {
			isa = PBXVariantGroup;
			children = (
				2E38F16E1FA45C430056D683 /* Base */,
			);
			name = LaunchScreen.storyboard;
			sourceTree = "<group>";
		};
/* End PBXVariantGroup section */

/* Begin XCBuildConfiguration section */
		2E38F1711FA45C430056D683 /* Debug */ = {
			isa = XCBuildConfiguration;
			buildSettings = {
				ALWAYS_SEARCH_USER_PATHS = NO;
				CLANG_ANALYZER_NONNULL = YES;
				CLANG_CXX_LANGUAGE_STANDARD = "gnu++0x";
				CLANG_CXX_LIBRARY = "libc++";
				CLANG_ENABLE_MODULES = YES;
				CLANG_ENABLE_OBJC_ARC = YES;
				CLANG_WARN_BOOL_CONVERSION = YES;
				CLANG_WARN_CONSTANT_CONVERSION = YES;
				CLANG_WARN_DIRECT_OBJC_ISA_USAGE = YES_ERROR;
				CLANG_WARN_DOCUMENTATION_COMMENTS = YES;
				CLANG_WARN_EMPTY_BODY = YES;
				CLANG_WARN_ENUM_CONVERSION = YES;
				CLANG_WARN_INFINITE_RECURSION = YES;
				CLANG_WARN_INT_CONVERSION = YES;
				CLANG_WARN_OBJC_ROOT_CLASS = YES_ERROR;
				CLANG_WARN_SUSPICIOUS_MOVE = YES;
				CLANG_WARN_UNREACHABLE_CODE = YES;
				CLANG_WARN__DUPLICATE_METHOD_MATCH = YES;
				"CODE_SIGN_IDENTITY[sdk=iphoneos*]" = "iPhone Developer";
				COPY_PHASE_STRIP = NO;
				DEBUG_INFORMATION_FORMAT = dwarf;
				ENABLE_STRICT_OBJC_MSGSEND = YES;
				ENABLE_TESTABILITY = YES;
				GCC_C_LANGUAGE_STANDARD = gnu99;
				GCC_DYNAMIC_NO_PIC = NO;
				GCC_NO_COMMON_BLOCKS = YES;
				GCC_OPTIMIZATION_LEVEL = 0;
				GCC_PREPROCESSOR_DEFINITIONS = (
					"DEBUG=1",
					"$(inherited)",
				);
				GCC_WARN_64_TO_32_BIT_CONVERSION = YES;
				GCC_WARN_ABOUT_RETURN_TYPE = YES_ERROR;
				GCC_WARN_UNDECLARED_SELECTOR = YES;
				GCC_WARN_UNINITIALIZED_AUTOS = YES_AGGRESSIVE;
				GCC_WARN_UNUSED_FUNCTION = YES;
				GCC_WARN_UNUSED_VARIABLE = YES;
				IPHONEOS_DEPLOYMENT_TARGET = 10.2;
				MTL_ENABLE_DEBUG_INFO = YES;
				ONLY_ACTIVE_ARCH = YES;
				SDKROOT = iphoneos;
				SWIFT_ACTIVE_COMPILATION_CONDITIONS = DEBUG;
				SWIFT_OPTIMIZATION_LEVEL = "-Onone";
				TARGETED_DEVICE_FAMILY = "1,2";
			};
			name = Debug;
		};
		2E38F1721FA45C430056D683 /* Release */ = {
			isa = XCBuildConfiguration;
			buildSettings = {
				ALWAYS_SEARCH_USER_PATHS = NO;
				CLANG_ANALYZER_NONNULL = YES;
				CLANG_CXX_LANGUAGE_STANDARD = "gnu++0x";
				CLANG_CXX_LIBRARY = "libc++";
				CLANG_ENABLE_MODULES = YES;
				CLANG_ENABLE_OBJC_ARC = YES;
				CLANG_WARN_BOOL_CONVERSION = YES;
				CLANG_WARN_CONSTANT_CONVERSION = YES;
				CLANG_WARN_DIRECT_OBJC_ISA_USAGE = YES_ERROR;
				CLANG_WARN_DOCUMENTATION_COMMENTS = YES;
				CLANG_WARN_EMPTY_BODY = YES;
				CLANG_WARN_ENUM_CONVERSION = YES;
				CLANG_WARN_INFINITE_RECURSION = YES;
				CLANG_WARN_INT_CONVERSION = YES;
				CLANG_WARN_OBJC_ROOT_CLASS = YES_ERROR;
				CLANG_WARN_SUSPICIOUS_MOVE = YES;
				CLANG_WARN_UNREACHABLE_CODE = YES;
				CLANG_WARN__DUPLICATE_METHOD_MATCH = YES;
				"CODE_SIGN_IDENTITY[sdk=iphoneos*]" = "iPhone Developer";
				COPY_PHASE_STRIP = NO;
				DEBUG_INFORMATION_FORMAT = "dwarf-with-dsym";
				ENABLE_NS_ASSERTIONS = NO;
				ENABLE_STRICT_OBJC_MSGSEND = YES;
				GCC_C_LANGUAGE_STANDARD = gnu99;
				GCC_NO_COMMON_BLOCKS = YES;
				GCC_WARN_64_TO_32_BIT_CONVERSION = YES;
				GCC_WARN_ABOUT_RETURN_TYPE = YES_ERROR;
				GCC_WARN_UNDECLARED_SELECTOR = YES;
				GCC_WARN_UNINITIALIZED_AUTOS = YES_AGGRESSIVE;
				GCC_WARN_UNUSED_FUNCTION = YES;
				GCC_WARN_UNUSED_VARIABLE = YES;
				IPHONEOS_DEPLOYMENT_TARGET = 10.2;
				MTL_ENABLE_DEBUG_INFO = NO;
				SDKROOT = iphoneos;
				SWIFT_OPTIMIZATION_LEVEL = "-Owholemodule";
				TARGETED_DEVICE_FAMILY = "1,2";
				VALIDATE_PRODUCT = YES;
			};
			name = Release;
		};
		2E38F1741FA45C430056D683 /* Debug */ = {
			isa = XCBuildConfiguration;
			buildSettings = {
				ASSETCATALOG_COMPILER_APPICON_NAME = AppIcon;
				INFOPLIST_FILE = SampleAppThree/Info.plist;
				LD_RUNPATH_SEARCH_PATHS = "$(inherited) @executable_path/Frameworks";
				PRODUCT_BUNDLE_IDENTIFIER = com.fourteen.SampleAppThree;
				PRODUCT_NAME = "$(TARGET_NAME)";
				SWIFT_VERSION = 3.0;
			};
			name = Debug;
		};
		2E38F1751FA45C430056D683 /* Release */ = {
			isa = XCBuildConfiguration;
			buildSettings = {
				ASSETCATALOG_COMPILER_APPICON_NAME = AppIcon;
				INFOPLIST_FILE = SampleAppThree/Info.plist;
				LD_RUNPATH_SEARCH_PATHS = "$(inherited) @executable_path/Frameworks";
				PRODUCT_BUNDLE_IDENTIFIER = com.fourteen.SampleAppThree;
				PRODUCT_NAME = "$(TARGET_NAME)";
				SWIFT_VERSION = 3.0;
			};
			name = Release;
		};
/* End XCBuildConfiguration section */

/* Begin XCConfigurationList section */
		2E38F15C1FA45C430056D683 /* Build configuration list for PBXProject "SampleAppThree" */ = {
			isa = XCConfigurationList;
			buildConfigurations = (
				2E38F1711FA45C430056D683 /* Debug */,
				2E38F1721FA45C430056D683 /* Release */,
			);
			defaultConfigurationIsVisible = 0;
			defaultConfigurationName = Release;
		};
		2E38F1731FA45C430056D683 /* Build configuration list for PBXNativeTarget "SampleAppThree" */ = {
			isa = XCConfigurationList;
			buildConfigurations = (
				2E38F1741FA45C430056D683 /* Debug */,
				2E38F1751FA45C430056D683 /* Release */,
			);
			defaultConfigurationIsVisible = 0;
		};
/* End XCConfigurationList section */
	};
	rootObject = 2E38F1591FA45C430056D683 /* Project object */;
}
