// !$*UTF8*$!
{
	archiveVersion = 1;
	classes = {
	};
	objectVersion = 46;
	objects = {

/* Begin PBXBuildFile section */
		2E6DD6F31FB1327E00E9A696 /* AppDelegate.swift in Sources */ = {isa = PBXBuildFile; fileRef = 2E6DD6F21FB1327E00E9A696 /* AppDelegate.swift */; };
		2E6DD6F51FB1327E00E9A696 /* ViewController.swift in Sources */ = {isa = PBXBuildFile; fileRef = 2E6DD6F41FB1327E00E9A696 /* ViewController.swift */; };
		2E6DD6F81FB1327E00E9A696 /* Main.storyboard in Resources */ = {isa = PBXBuildFile; fileRef = 2E6DD6F61FB1327E00E9A696 /* Main.storyboard */; };
		2E6DD6FB1FB1327E00E9A696 /* W32DPFour.xcdatamodeld in Sources */ = {isa = PBXBuildFile; fileRef = 2E6DD6F91FB1327E00E9A696 /* W32DPFour.xcdatamodeld */; };
		2E6DD6FD1FB1327E00E9A696 /* Assets.xcassets in Resources */ = {isa = PBXBuildFile; fileRef = 2E6DD6FC1FB1327E00E9A696 /* Assets.xcassets */; };
		2E6DD7001FB1327E00E9A696 /* LaunchScreen.storyboard in Resources */ = {isa = PBXBuildFile; fileRef = 2E6DD6FE1FB1327E00E9A696 /* LaunchScreen.storyboard */; };
/* End PBXBuildFile section */

/* Begin PBXFileReference section */
		2E6DD6EF1FB1327E00E9A696 /* W32DPFour.app */ = {isa = PBXFileReference; explicitFileType = wrapper.application; includeInIndex = 0; path = W32DPFour.app; sourceTree = BUILT_PRODUCTS_DIR; };
		2E6DD6F21FB1327E00E9A696 /* AppDelegate.swift */ = {isa = PBXFileReference; lastKnownFileType = sourcecode.swift; path = AppDelegate.swift; sourceTree = "<group>"; };
		2E6DD6F41FB1327E00E9A696 /* ViewController.swift */ = {isa = PBXFileReference; lastKnownFileType = sourcecode.swift; path = ViewController.swift; sourceTree = "<group>"; };
		2E6DD6F71FB1327E00E9A696 /* Base */ = {isa = PBXFileReference; lastKnownFileType = file.storyboard; name = Base; path = Base.lproj/Main.storyboard; sourceTree = "<group>"; };
		2E6DD6FA1FB1327E00E9A696 /* W32DPFour.xcdatamodel */ = {isa = PBXFileReference; lastKnownFileType = wrapper.xcdatamodel; path = W32DPFour.xcdatamodel; sourceTree = "<group>"; };
		2E6DD6FC1FB1327E00E9A696 /* Assets.xcassets */ = {isa = PBXFileReference; lastKnownFileType = folder.assetcatalog; path = Assets.xcassets; sourceTree = "<group>"; };
		2E6DD6FF1FB1327E00E9A696 /* Base */ = {isa = PBXFileReference; lastKnownFileType = file.storyboard; name = Base; path = Base.lproj/LaunchScreen.storyboard; sourceTree = "<group>"; };
		2E6DD7011FB1327E00E9A696 /* Info.plist */ = {isa = PBXFileReference; lastKnownFileType = text.plist.xml; path = Info.plist; sourceTree = "<group>"; };
/* End PBXFileReference section */

/* Begin PBXFrameworksBuildPhase section */
		2E6DD6EC1FB1327E00E9A696 /* Frameworks */ = {
			isa = PBXFrameworksBuildPhase;
			buildActionMask = 2147483647;
			files = (
			);
			runOnlyForDeploymentPostprocessing = 0;
		};
/* End PBXFrameworksBuildPhase section */

/* Begin PBXGroup section */
		2E6DD6E61FB1327E00E9A696 = {
			isa = PBXGroup;
			children = (
				2E6DD6F11FB1327E00E9A696 /* W32DPFour */,
				2E6DD6F01FB1327E00E9A696 /* Products */,
			);
			sourceTree = "<group>";
		};
		2E6DD6F01FB1327E00E9A696 /* Products */ = {
			isa = PBXGroup;
			children = (
				2E6DD6EF1FB1327E00E9A696 /* W32DPFour.app */,
			);
			name = Products;
			sourceTree = "<group>";
		};
		2E6DD6F11FB1327E00E9A696 /* W32DPFour */ = {
			isa = PBXGroup;
			children = (
				2E6DD6F21FB1327E00E9A696 /* AppDelegate.swift */,
				2E6DD6F41FB1327E00E9A696 /* ViewController.swift */,
				2E6DD6F61FB1327E00E9A696 /* Main.storyboard */,
				2E6DD6FC1FB1327E00E9A696 /* Assets.xcassets */,
				2E6DD6FE1FB1327E00E9A696 /* LaunchScreen.storyboard */,
				2E6DD7011FB1327E00E9A696 /* Info.plist */,
				2E6DD6F91FB1327E00E9A696 /* W32DPFour.xcdatamodeld */,
			);
			path = W32DPFour;
			sourceTree = "<group>";
		};
/* End PBXGroup section */

/* Begin PBXNativeTarget section */
		2E6DD6EE1FB1327E00E9A696 /* W32DPFour */ = {
			isa = PBXNativeTarget;
			buildConfigurationList = 2E6DD7041FB1327E00E9A696 /* Build configuration list for PBXNativeTarget "W32DPFour" */;
			buildPhases = (
				2E6DD6EB1FB1327E00E9A696 /* Sources */,
				2E6DD6EC1FB1327E00E9A696 /* Frameworks */,
				2E6DD6ED1FB1327E00E9A696 /* Resources */,
			);
			buildRules = (
			);
			dependencies = (
			);
			name = W32DPFour;
			productName = W32DPFour;
			productReference = 2E6DD6EF1FB1327E00E9A696 /* W32DPFour.app */;
			productType = "com.apple.product-type.application";
		};
/* End PBXNativeTarget section */

/* Begin PBXProject section */
		2E6DD6E71FB1327E00E9A696 /* Project object */ = {
			isa = PBXProject;
			attributes = {
				LastSwiftUpdateCheck = 0820;
				LastUpgradeCheck = 0820;
				ORGANIZATIONNAME = "Roman De Angel";
				TargetAttributes = {
					2E6DD6EE1FB1327E00E9A696 = {
						CreatedOnToolsVersion = 8.2.1;
						ProvisioningStyle = Automatic;
					};
				};
			};
			buildConfigurationList = 2E6DD6EA1FB1327E00E9A696 /* Build configuration list for PBXProject "W32DPFour" */;
			compatibilityVersion = "Xcode 3.2";
			developmentRegion = English;
			hasScannedForEncodings = 0;
			knownRegions = (
				en,
				Base,
			);
			mainGroup = 2E6DD6E61FB1327E00E9A696;
			productRefGroup = 2E6DD6F01FB1327E00E9A696 /* Products */;
			projectDirPath = "";
			projectRoot = "";
			targets = (
				2E6DD6EE1FB1327E00E9A696 /* W32DPFour */,
			);
		};
/* End PBXProject section */

/* Begin PBXResourcesBuildPhase section */
		2E6DD6ED1FB1327E00E9A696 /* Resources */ = {
			isa = PBXResourcesBuildPhase;
			buildActionMask = 2147483647;
			files = (
				2E6DD7001FB1327E00E9A696 /* LaunchScreen.storyboard in Resources */,
				2E6DD6FD1FB1327E00E9A696 /* Assets.xcassets in Resources */,
				2E6DD6F81FB1327E00E9A696 /* Main.storyboard in Resources */,
			);
			runOnlyForDeploymentPostprocessing = 0;
		};
/* End PBXResourcesBuildPhase section */

/* Begin PBXSourcesBuildPhase section */
		2E6DD6EB1FB1327E00E9A696 /* Sources */ = {
			isa = PBXSourcesBuildPhase;
			buildActionMask = 2147483647;
			files = (
				2E6DD6FB1FB1327E00E9A696 /* W32DPFour.xcdatamodeld in Sources */,
				2E6DD6F51FB1327E00E9A696 /* ViewController.swift in Sources */,
				2E6DD6F31FB1327E00E9A696 /* AppDelegate.swift in Sources */,
			);
			runOnlyForDeploymentPostprocessing = 0;
		};
/* End PBXSourcesBuildPhase section */

/* Begin PBXVariantGroup section */
		2E6DD6F61FB1327E00E9A696 /* Main.storyboard */ = {
			isa = PBXVariantGroup;
			children = (
				2E6DD6F71FB1327E00E9A696 /* Base */,
			);
			name = Main.storyboard;
			sourceTree = "<group>";
		};
		2E6DD6FE1FB1327E00E9A696 /* LaunchScreen.storyboard */ = {
			isa = PBXVariantGroup;
			children = (
				2E6DD6FF1FB1327E00E9A696 /* Base */,
			);
			name = LaunchScreen.storyboard;
			sourceTree = "<group>";
		};
/* End PBXVariantGroup section */

/* Begin XCBuildConfiguration section */
		2E6DD7021FB1327E00E9A696 /* Debug */ = {
			isa = XCBuildConfiguration;
			buildSettings = {
				ALWAYS_SEARCH_USER_PATHS = NO;
				CLANG_ANALYZER_NONNULL = YES;
				CLANG_CXX_LANGUAGE_STANDARD = "gnu++0x";
				CLANG_CXX_LIBRARY = "libc++";
				CLANG_ENABLE_MODULES = YES;
				CLANG_ENABLE_OBJC_ARC = YES;
				CLANG_WARN_BOOL_CONVERSION = YES;
				CLANG_WARN_CONSTANT_CONVERSION = YES;
				CLANG_WARN_DIRECT_OBJC_ISA_USAGE = YES_ERROR;
				CLANG_WARN_DOCUMENTATION_COMMENTS = YES;
				CLANG_WARN_EMPTY_BODY = YES;
				CLANG_WARN_ENUM_CONVERSION = YES;
				CLANG_WARN_INFINITE_RECURSION = YES;
				CLANG_WARN_INT_CONVERSION = YES;
				CLANG_WARN_OBJC_ROOT_CLASS = YES_ERROR;
				CLANG_WARN_SUSPICIOUS_MOVE = YES;
				CLANG_WARN_UNREACHABLE_CODE = YES;
				CLANG_WARN__DUPLICATE_METHOD_MATCH = YES;
				"CODE_SIGN_IDENTITY[sdk=iphoneos*]" = "iPhone Developer";
				COPY_PHASE_STRIP = NO;
				DEBUG_INFORMATION_FORMAT = dwarf;
				ENABLE_STRICT_OBJC_MSGSEND = YES;
				ENABLE_TESTABILITY = YES;
				GCC_C_LANGUAGE_STANDARD = gnu99;
				GCC_DYNAMIC_NO_PIC = NO;
				GCC_NO_COMMON_BLOCKS = YES;
				GCC_OPTIMIZATION_LEVEL = 0;
				GCC_PREPROCESSOR_DEFINITIONS = (
					"DEBUG=1",
					"$(inherited)",
				);
				GCC_WARN_64_TO_32_BIT_CONVERSION = YES;
				GCC_WARN_ABOUT_RETURN_TYPE = YES_ERROR;
				GCC_WARN_UNDECLARED_SELECTOR = YES;
				GCC_WARN_UNINITIALIZED_AUTOS = YES_AGGRESSIVE;
				GCC_WARN_UNUSED_FUNCTION = YES;
				GCC_WARN_UNUSED_VARIABLE = YES;
				IPHONEOS_DEPLOYMENT_TARGET = 10.2;
				MTL_ENABLE_DEBUG_INFO = YES;
				ONLY_ACTIVE_ARCH = YES;
				SDKROOT = iphoneos;
				SWIFT_ACTIVE_COMPILATION_CONDITIONS = DEBUG;
				SWIFT_OPTIMIZATION_LEVEL = "-Onone";
				TARGETED_DEVICE_FAMILY = "1,2";
			};
			name = Debug;
		};
		2E6DD7031FB1327E00E9A696 /* Release */ = {
			isa = XCBuildConfiguration;
			buildSettings = {
				ALWAYS_SEARCH_USER_PATHS = NO;
				CLANG_ANALYZER_NONNULL = YES;
				CLANG_CXX_LANGUAGE_STANDARD = "gnu++0x";
				CLANG_CXX_LIBRARY = "libc++";
				CLANG_ENABLE_MODULES = YES;
				CLANG_ENABLE_OBJC_ARC = YES;
				CLANG_WARN_BOOL_CONVERSION = YES;
				CLANG_WARN_CONSTANT_CONVERSION = YES;
				CLANG_WARN_DIRECT_OBJC_ISA_USAGE = YES_ERROR;
				CLANG_WARN_DOCUMENTATION_COMMENTS = YES;
				CLANG_WARN_EMPTY_BODY = YES;
				CLANG_WARN_ENUM_CONVERSION = YES;
				CLANG_WARN_INFINITE_RECURSION = YES;
				CLANG_WARN_INT_CONVERSION = YES;
				CLANG_WARN_OBJC_ROOT_CLASS = YES_ERROR;
				CLANG_WARN_SUSPICIOUS_MOVE = YES;
				CLANG_WARN_UNREACHABLE_CODE = YES;
				CLANG_WARN__DUPLICATE_METHOD_MATCH = YES;
				"CODE_SIGN_IDENTITY[sdk=iphoneos*]" = "iPhone Developer";
				COPY_PHASE_STRIP = NO;
				DEBUG_INFORMATION_FORMAT = "dwarf-with-dsym";
				ENABLE_NS_ASSERTIONS = NO;
				ENABLE_STRICT_OBJC_MSGSEND = YES;
				GCC_C_LANGUAGE_STANDARD = gnu99;
				GCC_NO_COMMON_BLOCKS = YES;
				GCC_WARN_64_TO_32_BIT_CONVERSION = YES;
				GCC_WARN_ABOUT_RETURN_TYPE = YES_ERROR;
				GCC_WARN_UNDECLARED_SELECTOR = YES;
				GCC_WARN_UNINITIALIZED_AUTOS = YES_AGGRESSIVE;
				GCC_WARN_UNUSED_FUNCTION = YES;
				GCC_WARN_UNUSED_VARIABLE = YES;
				IPHONEOS_DEPLOYMENT_TARGET = 10.2;
				MTL_ENABLE_DEBUG_INFO = NO;
				SDKROOT = iphoneos;
				SWIFT_OPTIMIZATION_LEVEL = "-Owholemodule";
				TARGETED_DEVICE_FAMILY = "1,2";
				VALIDATE_PRODUCT = YES;
			};
			name = Release;
		};
		2E6DD7051FB1327E00E9A696 /* Debug */ = {
			isa = XCBuildConfiguration;
			buildSettings = {
				ASSETCATALOG_COMPILER_APPICON_NAME = AppIcon;
				INFOPLIST_FILE = W32DPFour/Info.plist;
				LD_RUNPATH_SEARCH_PATHS = "$(inherited) @executable_path/Frameworks";
				PRODUCT_BUNDLE_IDENTIFIER = com.fourteen.W32DPFour;
				PRODUCT_NAME = "$(TARGET_NAME)";
				SWIFT_VERSION = 3.0;
			};
			name = Debug;
		};
		2E6DD7061FB1327E00E9A696 /* Release */ = {
			isa = XCBuildConfiguration;
			buildSettings = {
				ASSETCATALOG_COMPILER_APPICON_NAME = AppIcon;
				INFOPLIST_FILE = W32DPFour/Info.plist;
				LD_RUNPATH_SEARCH_PATHS = "$(inherited) @executable_path/Frameworks";
				PRODUCT_BUNDLE_IDENTIFIER = com.fourteen.W32DPFour;
				PRODUCT_NAME = "$(TARGET_NAME)";
				SWIFT_VERSION = 3.0;
			};
			name = Release;
		};
/* End XCBuildConfiguration section */

/* Begin XCConfigurationList section */
		2E6DD6EA1FB1327E00E9A696 /* Build configuration list for PBXProject "W32DPFour" */ = {
			isa = XCConfigurationList;
			buildConfigurations = (
				2E6DD7021FB1327E00E9A696 /* Debug */,
				2E6DD7031FB1327E00E9A696 /* Release */,
			);
			defaultConfigurationIsVisible = 0;
			defaultConfigurationName = Release;
		};
		2E6DD7041FB1327E00E9A696 /* Build configuration list for PBXNativeTarget "W32DPFour" */ = {
			isa = XCConfigurationList;
			buildConfigurations = (
				2E6DD7051FB1327E00E9A696 /* Debug */,
				2E6DD7061FB1327E00E9A696 /* Release */,
			);
			defaultConfigurationIsVisible = 0;
		};
/* End XCConfigurationList section */

/* Begin XCVersionGroup section */
		2E6DD6F91FB1327E00E9A696 /* W32DPFour.xcdatamodeld */ = {
			isa = XCVersionGroup;
			children = (
				2E6DD6FA1FB1327E00E9A696 /* W32DPFour.xcdatamodel */,
			);
			currentVersion = 2E6DD6FA1FB1327E00E9A696 /* W32DPFour.xcdatamodel */;
			path = W32DPFour.xcdatamodeld;
			sourceTree = "<group>";
			versionGroupType = wrapper.xcdatamodel;
		};
/* End XCVersionGroup section */
	};
	rootObject = 2E6DD6E71FB1327E00E9A696 /* Project object */;
}
